// !$*UTF8*$!
{
	archiveVersion = 1;
	classes = {
	};
	objectVersion = 46;
	objects = {

/* Begin PBXBuildFile section */
		34E317871518FC6B007BA5BF /* Foundation.framework in Frameworks */ = {isa = PBXBuildFile; fileRef = 34E317861518FC6B007BA5BF /* Foundation.framework */; };
		34E317891518FC6B007BA5BF /* UIKit.framework in Frameworks */ = {isa = PBXBuildFile; fileRef = 34E317881518FC6B007BA5BF /* UIKit.framework */; };
		34E3178B1518FC6B007BA5BF /* CoreGraphics.framework in Frameworks */ = {isa = PBXBuildFile; fileRef = 34E3178A1518FC6B007BA5BF /* CoreGraphics.framework */; };
		34E3178D1518FC6B007BA5BF /* AddressBook.framework in Frameworks */ = {isa = PBXBuildFile; fileRef = 34E3178C1518FC6B007BA5BF /* AddressBook.framework */; };
		34E3178F1518FC6B007BA5BF /* AddressBookUI.framework in Frameworks */ = {isa = PBXBuildFile; fileRef = 34E3178E1518FC6B007BA5BF /* AddressBookUI.framework */; };
		34E317911518FC6B007BA5BF /* AudioToolbox.framework in Frameworks */ = {isa = PBXBuildFile; fileRef = 34E317901518FC6B007BA5BF /* AudioToolbox.framework */; };
		34E317931518FC6B007BA5BF /* AVFoundation.framework in Frameworks */ = {isa = PBXBuildFile; fileRef = 34E317921518FC6B007BA5BF /* AVFoundation.framework */; };
		34E317951518FC6B007BA5BF /* CoreLocation.framework in Frameworks */ = {isa = PBXBuildFile; fileRef = 34E317941518FC6B007BA5BF /* CoreLocation.framework */; };
		34E317971518FC6B007BA5BF /* MediaPlayer.framework in Frameworks */ = {isa = PBXBuildFile; fileRef = 34E317961518FC6B007BA5BF /* MediaPlayer.framework */; };
		34E317991518FC6B007BA5BF /* QuartzCore.framework in Frameworks */ = {isa = PBXBuildFile; fileRef = 34E317981518FC6B007BA5BF /* QuartzCore.framework */; };
		34E3179B1518FC6B007BA5BF /* SystemConfiguration.framework in Frameworks */ = {isa = PBXBuildFile; fileRef = 34E3179A1518FC6B007BA5BF /* SystemConfiguration.framework */; };
		34E3179D1518FC6B007BA5BF /* MobileCoreServices.framework in Frameworks */ = {isa = PBXBuildFile; fileRef = 34E3179C1518FC6B007BA5BF /* MobileCoreServices.framework */; };
		34E3179F1518FC6B007BA5BF /* CoreMedia.framework in Frameworks */ = {isa = PBXBuildFile; fileRef = 34E3179E1518FC6B007BA5BF /* CoreMedia.framework */; };
		34E317A51518FC6B007BA5BF /* InfoPlist.strings in Resources */ = {isa = PBXBuildFile; fileRef = 34E317A31518FC6B007BA5BF /* InfoPlist.strings */; };
		34E317A71518FC6B007BA5BF /* main.m in Sources */ = {isa = PBXBuildFile; fileRef = 34E317A61518FC6B007BA5BF /* main.m */; };
		34E317AF1518FC6B007BA5BF /* Localizable.strings in Resources */ = {isa = PBXBuildFile; fileRef = 34E317AD1518FC6B007BA5BF /* Localizable.strings */; };
		34E317B31518FC6B007BA5BF /* Localizable.strings in Resources */ = {isa = PBXBuildFile; fileRef = 34E317B11518FC6B007BA5BF /* Localizable.strings */; };
		34E317B71518FC6B007BA5BF /* Localizable.strings in Resources */ = {isa = PBXBuildFile; fileRef = 34E317B51518FC6B007BA5BF /* Localizable.strings */; };
		34E317BB1518FC6B007BA5BF /* Localizable.strings in Resources */ = {isa = PBXBuildFile; fileRef = 34E317B91518FC6B007BA5BF /* Localizable.strings */; };
		34E317BE1518FC6B007BA5BF /* icon.png in Resources */ = {isa = PBXBuildFile; fileRef = 34E317BD1518FC6B007BA5BF /* icon.png */; };
		34E317C01518FC6B007BA5BF /* icon@2x.png in Resources */ = {isa = PBXBuildFile; fileRef = 34E317BF1518FC6B007BA5BF /* icon@2x.png */; };
		34E317C21518FC6B007BA5BF /* icon-72.png in Resources */ = {isa = PBXBuildFile; fileRef = 34E317C11518FC6B007BA5BF /* icon-72.png */; };
		34E317C51518FC6B007BA5BF /* Default.png in Resources */ = {isa = PBXBuildFile; fileRef = 34E317C41518FC6B007BA5BF /* Default.png */; };
		34E317C71518FC6B007BA5BF /* Default@2x.png in Resources */ = {isa = PBXBuildFile; fileRef = 34E317C61518FC6B007BA5BF /* Default@2x.png */; };
		34E317C91518FC6B007BA5BF /* Capture.bundle in Resources */ = {isa = PBXBuildFile; fileRef = 34E317C81518FC6B007BA5BF /* Capture.bundle */; };
		34E317CB1518FC6B007BA5BF /* Cordova.plist in Resources */ = {isa = PBXBuildFile; fileRef = 34E317CA1518FC6B007BA5BF /* Cordova.plist */; };
		34E317CF1518FC6B007BA5BF /* AppDelegate.m in Sources */ = {isa = PBXBuildFile; fileRef = 34E317CE1518FC6B007BA5BF /* AppDelegate.m */; };
		34E317D21518FC6B007BA5BF /* MainViewController.m in Sources */ = {isa = PBXBuildFile; fileRef = 34E317D11518FC6B007BA5BF /* MainViewController.m */; };
		34E317D41518FC6B007BA5BF /* MainViewController.xib in Resources */ = {isa = PBXBuildFile; fileRef = 34E317D31518FC6B007BA5BF /* MainViewController.xib */; };
		34E317D81518FC6B007BA5BF /* verify.sh in Resources */ = {isa = PBXBuildFile; fileRef = 34E317D71518FC6B007BA5BF /* verify.sh */; };
		34E317DF1518FD18007BA5BF /* www in Resources */ = {isa = PBXBuildFile; fileRef = 34E317DE1518FD18007BA5BF /* www */; };
		934537A91534089200AEB8DB /* conf.cc in Sources */ = {isa = PBXBuildFile; fileRef = 9345375E1534089200AEB8DB /* conf.cc */; };
		934537AB1534089200AEB8DB /* COPYING in Resources */ = {isa = PBXBuildFile; fileRef = 934537611534089200AEB8DB /* COPYING */; };
		934537AE1534089200AEB8DB /* Doxyfile in Resources */ = {isa = PBXBuildFile; fileRef = 934537641534089200AEB8DB /* Doxyfile */; };
		934537AF1534089200AEB8DB /* example.jpg in Resources */ = {isa = PBXBuildFile; fileRef = 934537651534089200AEB8DB /* example.jpg */; };
		934537B11534089200AEB8DB /* gocam.cc in Sources */ = {isa = PBXBuildFile; fileRef = 934537681534089200AEB8DB /* gocam.cc */; };
		934537B41534089200AEB8DB /* gocam_test.cc in Sources */ = {isa = PBXBuildFile; fileRef = 9345376C1534089200AEB8DB /* gocam_test.cc */; };
		934537B61534089200AEB8DB /* annotated.html in Resources */ = {isa = PBXBuildFile; fileRef = 9345376F1534089200AEB8DB /* annotated.html */; };
		934537B71534089200AEB8DB /* bug.html in Resources */ = {isa = PBXBuildFile; fileRef = 934537701534089200AEB8DB /* bug.html */; };
		934537B81534089200AEB8DB /* classconf_1_1Config-members.html in Resources */ = {isa = PBXBuildFile; fileRef = 934537711534089200AEB8DB /* classconf_1_1Config-members.html */; };
		934537B91534089200AEB8DB /* classconf_1_1Config.html in Resources */ = {isa = PBXBuildFile; fileRef = 934537721534089200AEB8DB /* classconf_1_1Config.html */; };
		934537BA1534089200AEB8DB /* conf_8hh-source.html in Resources */ = {isa = PBXBuildFile; fileRef = 934537731534089200AEB8DB /* conf_8hh-source.html */; };
		934537BB1534089200AEB8DB /* doxygen.css in Resources */ = {isa = PBXBuildFile; fileRef = 934537741534089200AEB8DB /* doxygen.css */; };
		934537BC1534089200AEB8DB /* doxygen.png in Resources */ = {isa = PBXBuildFile; fileRef = 934537751534089200AEB8DB /* doxygen.png */; };
		934537BD1534089200AEB8DB /* files.html in Resources */ = {isa = PBXBuildFile; fileRef = 934537761534089200AEB8DB /* files.html */; };
		934537BE1534089200AEB8DB /* functions.html in Resources */ = {isa = PBXBuildFile; fileRef = 934537771534089200AEB8DB /* functions.html */; };
		934537BF1534089200AEB8DB /* functions_func.html in Resources */ = {isa = PBXBuildFile; fileRef = 934537781534089200AEB8DB /* functions_func.html */; };
		934537C01534089200AEB8DB /* functions_type.html in Resources */ = {isa = PBXBuildFile; fileRef = 934537791534089200AEB8DB /* functions_type.html */; };
		934537C11534089200AEB8DB /* functions_vars.html in Resources */ = {isa = PBXBuildFile; fileRef = 9345377A1534089200AEB8DB /* functions_vars.html */; };
		934537C21534089200AEB8DB /* geom_8hh-source.html in Resources */ = {isa = PBXBuildFile; fileRef = 9345377B1534089200AEB8DB /* geom_8hh-source.html */; };
		934537C31534089200AEB8DB /* gocam_8hh-source.html in Resources */ = {isa = PBXBuildFile; fileRef = 9345377C1534089200AEB8DB /* gocam_8hh-source.html */; };
		934537C41534089200AEB8DB /* hierarchy.html in Resources */ = {isa = PBXBuildFile; fileRef = 9345377D1534089200AEB8DB /* hierarchy.html */; };
		934537C51534089200AEB8DB /* im_8hh-source.html in Resources */ = {isa = PBXBuildFile; fileRef = 9345377E1534089200AEB8DB /* im_8hh-source.html */; };
		934537C61534089200AEB8DB /* index.html in Resources */ = {isa = PBXBuildFile; fileRef = 9345377F1534089200AEB8DB /* index.html */; };
		934537C71534089200AEB8DB /* namespaceconf.html in Resources */ = {isa = PBXBuildFile; fileRef = 934537801534089200AEB8DB /* namespaceconf.html */; };
		934537C81534089200AEB8DB /* namespacegeom.html in Resources */ = {isa = PBXBuildFile; fileRef = 934537811534089200AEB8DB /* namespacegeom.html */; };
		934537C91534089200AEB8DB /* namespacegocam.html in Resources */ = {isa = PBXBuildFile; fileRef = 934537821534089200AEB8DB /* namespacegocam.html */; };
		934537CA1534089200AEB8DB /* namespaceim.html in Resources */ = {isa = PBXBuildFile; fileRef = 934537831534089200AEB8DB /* namespaceim.html */; };
		934537CB1534089200AEB8DB /* namespacemembers.html in Resources */ = {isa = PBXBuildFile; fileRef = 934537841534089200AEB8DB /* namespacemembers.html */; };
		934537CC1534089200AEB8DB /* namespacemembers_func.html in Resources */ = {isa = PBXBuildFile; fileRef = 934537851534089200AEB8DB /* namespacemembers_func.html */; };
		934537CD1534089200AEB8DB /* namespaces.html in Resources */ = {isa = PBXBuildFile; fileRef = 934537861534089200AEB8DB /* namespaces.html */; };
		934537CE1534089200AEB8DB /* namespacestr.html in Resources */ = {isa = PBXBuildFile; fileRef = 934537871534089200AEB8DB /* namespacestr.html */; };
		934537CF1534089200AEB8DB /* namespaceutil.html in Resources */ = {isa = PBXBuildFile; fileRef = 934537881534089200AEB8DB /* namespaceutil.html */; };
		934537D01534089200AEB8DB /* pages.html in Resources */ = {isa = PBXBuildFile; fileRef = 934537891534089200AEB8DB /* pages.html */; };
		934537D11534089200AEB8DB /* str_8hh-source.html in Resources */ = {isa = PBXBuildFile; fileRef = 9345378A1534089200AEB8DB /* str_8hh-source.html */; };
		934537D21534089200AEB8DB /* structconf_1_1Option-members.html in Resources */ = {isa = PBXBuildFile; fileRef = 9345378B1534089200AEB8DB /* structconf_1_1Option-members.html */; };
		934537D31534089200AEB8DB /* structconf_1_1Option.html in Resources */ = {isa = PBXBuildFile; fileRef = 9345378C1534089200AEB8DB /* structconf_1_1Option.html */; };
		934537D41534089200AEB8DB /* structgeom_1_1Grid-members.html in Resources */ = {isa = PBXBuildFile; fileRef = 9345378D1534089200AEB8DB /* structgeom_1_1Grid-members.html */; };
		934537D51534089200AEB8DB /* structgeom_1_1Grid.html in Resources */ = {isa = PBXBuildFile; fileRef = 9345378E1534089200AEB8DB /* structgeom_1_1Grid.html */; };
		934537D61534089200AEB8DB /* structgeom_1_1Line-members.html in Resources */ = {isa = PBXBuildFile; fileRef = 9345378F1534089200AEB8DB /* structgeom_1_1Line-members.html */; };
		934537D71534089200AEB8DB /* structgeom_1_1Line.html in Resources */ = {isa = PBXBuildFile; fileRef = 934537901534089200AEB8DB /* structgeom_1_1Line.html */; };
		934537D81534089200AEB8DB /* structgeom_1_1LineRT-members.html in Resources */ = {isa = PBXBuildFile; fileRef = 934537911534089200AEB8DB /* structgeom_1_1LineRT-members.html */; };
		934537D91534089200AEB8DB /* structgeom_1_1LineRT.html in Resources */ = {isa = PBXBuildFile; fileRef = 934537921534089200AEB8DB /* structgeom_1_1LineRT.html */; };
		934537DA1534089200AEB8DB /* structgeom_1_1Point-members.html in Resources */ = {isa = PBXBuildFile; fileRef = 934537931534089200AEB8DB /* structgeom_1_1Point-members.html */; };
		934537DB1534089200AEB8DB /* structgeom_1_1Point.html in Resources */ = {isa = PBXBuildFile; fileRef = 934537941534089200AEB8DB /* structgeom_1_1Point.html */; };
		934537DC1534089200AEB8DB /* structgocam_1_1Analyser-members.html in Resources */ = {isa = PBXBuildFile; fileRef = 934537951534089200AEB8DB /* structgocam_1_1Analyser-members.html */; };
		934537DD1534089200AEB8DB /* structgocam_1_1Analyser.html in Resources */ = {isa = PBXBuildFile; fileRef = 934537961534089200AEB8DB /* structgocam_1_1Analyser.html */; };
		934537DE1534089200AEB8DB /* structim_1_1PixelSum-members.html in Resources */ = {isa = PBXBuildFile; fileRef = 934537971534089200AEB8DB /* structim_1_1PixelSum-members.html */; };
		934537DF1534089200AEB8DB /* structim_1_1PixelSum.html in Resources */ = {isa = PBXBuildFile; fileRef = 934537981534089200AEB8DB /* structim_1_1PixelSum.html */; };
		934537E01534089200AEB8DB /* tab_b.gif in Resources */ = {isa = PBXBuildFile; fileRef = 934537991534089200AEB8DB /* tab_b.gif */; };
		934537E11534089200AEB8DB /* tab_l.gif in Resources */ = {isa = PBXBuildFile; fileRef = 9345379A1534089200AEB8DB /* tab_l.gif */; };
		934537E21534089200AEB8DB /* tab_r.gif in Resources */ = {isa = PBXBuildFile; fileRef = 9345379B1534089200AEB8DB /* tab_r.gif */; };
		934537E31534089200AEB8DB /* tabs.css in Resources */ = {isa = PBXBuildFile; fileRef = 9345379C1534089200AEB8DB /* tabs.css */; };
		934537E41534089200AEB8DB /* util_8hh-source.html in Resources */ = {isa = PBXBuildFile; fileRef = 9345379D1534089200AEB8DB /* util_8hh-source.html */; };
		934537E51534089200AEB8DB /* INSTALL in Resources */ = {isa = PBXBuildFile; fileRef = 9345379F1534089200AEB8DB /* INSTALL */; };
		934537E71534089200AEB8DB /* NEWS in Resources */ = {isa = PBXBuildFile; fileRef = 934537A11534089200AEB8DB /* NEWS */; };
		934537E81534089200AEB8DB /* README in Resources */ = {isa = PBXBuildFile; fileRef = 934537A21534089200AEB8DB /* README */; };
		934537E91534089200AEB8DB /* str.cc in Sources */ = {isa = PBXBuildFile; fileRef = 934537A31534089200AEB8DB /* str.cc */; };
		934537EB1534089200AEB8DB /* test_board.jpg in Resources */ = {isa = PBXBuildFile; fileRef = 934537A61534089200AEB8DB /* test_board.jpg */; };
		934539321534179000AEB8DB /* coder.xml in Resources */ = {isa = PBXBuildFile; fileRef = 9345389F1534179000AEB8DB /* coder.xml */; };
		934539331534179000AEB8DB /* colors.xml in Resources */ = {isa = PBXBuildFile; fileRef = 934538A01534179000AEB8DB /* colors.xml */; };
		934539341534179000AEB8DB /* configure.xml in Resources */ = {isa = PBXBuildFile; fileRef = 934538A11534179000AEB8DB /* configure.xml */; };
		934539351534179000AEB8DB /* delegates.xml in Resources */ = {isa = PBXBuildFile; fileRef = 934538A21534179000AEB8DB /* delegates.xml */; };
		934539361534179000AEB8DB /* english.xml in Resources */ = {isa = PBXBuildFile; fileRef = 934538A31534179000AEB8DB /* english.xml */; };
		934539371534179000AEB8DB /* francais.xml in Resources */ = {isa = PBXBuildFile; fileRef = 934538A41534179000AEB8DB /* francais.xml */; };
		934539381534179000AEB8DB /* locale.xml in Resources */ = {isa = PBXBuildFile; fileRef = 934538A51534179000AEB8DB /* locale.xml */; };
		934539391534179000AEB8DB /* log.xml in Resources */ = {isa = PBXBuildFile; fileRef = 934538A61534179000AEB8DB /* log.xml */; };
		9345393A1534179000AEB8DB /* magic.xml in Resources */ = {isa = PBXBuildFile; fileRef = 934538A71534179000AEB8DB /* magic.xml */; };
		9345393B1534179000AEB8DB /* mime.xml in Resources */ = {isa = PBXBuildFile; fileRef = 934538A81534179000AEB8DB /* mime.xml */; };
		9345393C1534179000AEB8DB /* policy.xml in Resources */ = {isa = PBXBuildFile; fileRef = 934538A91534179000AEB8DB /* policy.xml */; };
		9345393D1534179000AEB8DB /* thresholds.xml in Resources */ = {isa = PBXBuildFile; fileRef = 934538AA1534179000AEB8DB /* thresholds.xml */; };
		9345393E1534179000AEB8DB /* type-dejavu.xml in Resources */ = {isa = PBXBuildFile; fileRef = 934538AB1534179000AEB8DB /* type-dejavu.xml */; };
		9345393F1534179000AEB8DB /* type-ghostscript.xml in Resources */ = {isa = PBXBuildFile; fileRef = 934538AC1534179000AEB8DB /* type-ghostscript.xml */; };
		934539401534179000AEB8DB /* type-windows.xml in Resources */ = {isa = PBXBuildFile; fileRef = 934538AD1534179000AEB8DB /* type-windows.xml */; };
		934539411534179000AEB8DB /* type.xml in Resources */ = {isa = PBXBuildFile; fileRef = 934538AE1534179000AEB8DB /* type.xml */; };
		934539421534179000AEB8DB /* libjpeg.a in Frameworks */ = {isa = PBXBuildFile; fileRef = 9345392D1534179000AEB8DB /* libjpeg.a */; };
		934539431534179000AEB8DB /* libMagickCore.a in Frameworks */ = {isa = PBXBuildFile; fileRef = 9345392E1534179000AEB8DB /* libMagickCore.a */; };
		934539441534179000AEB8DB /* libMagickWand.a in Frameworks */ = {isa = PBXBuildFile; fileRef = 9345392F1534179000AEB8DB /* libMagickWand.a */; };
		934539451534179000AEB8DB /* libpng.a in Frameworks */ = {isa = PBXBuildFile; fileRef = 934539301534179000AEB8DB /* libpng.a */; };
		934539461534179000AEB8DB /* libtiff.a in Frameworks */ = {isa = PBXBuildFile; fileRef = 934539311534179000AEB8DB /* libtiff.a */; };
		93C488CA153A0C3E0042CB4F /* Cordova.framework in Frameworks */ = {isa = PBXBuildFile; fileRef = 93C488C9153A0C3E0042CB4F /* Cordova.framework */; };
		93EB0674153BC5FC0040B5FC /* GocamClass.m in Sources */ = {isa = PBXBuildFile; fileRef = 93EB0673153BC5FC0040B5FC /* GocamClass.m */; };
/* End PBXBuildFile section */

/* Begin PBXFileReference section */
		34E317821518FC6B007BA5BF /* kifucapture.app */ = {isa = PBXFileReference; explicitFileType = wrapper.application; includeInIndex = 0; path = kifucapture.app; sourceTree = BUILT_PRODUCTS_DIR; };
		34E317861518FC6B007BA5BF /* Foundation.framework */ = {isa = PBXFileReference; lastKnownFileType = wrapper.framework; name = Foundation.framework; path = System/Library/Frameworks/Foundation.framework; sourceTree = SDKROOT; };
		34E317881518FC6B007BA5BF /* UIKit.framework */ = {isa = PBXFileReference; lastKnownFileType = wrapper.framework; name = UIKit.framework; path = System/Library/Frameworks/UIKit.framework; sourceTree = SDKROOT; };
		34E3178A1518FC6B007BA5BF /* CoreGraphics.framework */ = {isa = PBXFileReference; lastKnownFileType = wrapper.framework; name = CoreGraphics.framework; path = System/Library/Frameworks/CoreGraphics.framework; sourceTree = SDKROOT; };
		34E3178C1518FC6B007BA5BF /* AddressBook.framework */ = {isa = PBXFileReference; lastKnownFileType = wrapper.framework; name = AddressBook.framework; path = System/Library/Frameworks/AddressBook.framework; sourceTree = SDKROOT; };
		34E3178E1518FC6B007BA5BF /* AddressBookUI.framework */ = {isa = PBXFileReference; lastKnownFileType = wrapper.framework; name = AddressBookUI.framework; path = System/Library/Frameworks/AddressBookUI.framework; sourceTree = SDKROOT; };
		34E317901518FC6B007BA5BF /* AudioToolbox.framework */ = {isa = PBXFileReference; lastKnownFileType = wrapper.framework; name = AudioToolbox.framework; path = System/Library/Frameworks/AudioToolbox.framework; sourceTree = SDKROOT; };
		34E317921518FC6B007BA5BF /* AVFoundation.framework */ = {isa = PBXFileReference; lastKnownFileType = wrapper.framework; name = AVFoundation.framework; path = System/Library/Frameworks/AVFoundation.framework; sourceTree = SDKROOT; };
		34E317941518FC6B007BA5BF /* CoreLocation.framework */ = {isa = PBXFileReference; lastKnownFileType = wrapper.framework; name = CoreLocation.framework; path = System/Library/Frameworks/CoreLocation.framework; sourceTree = SDKROOT; };
		34E317961518FC6B007BA5BF /* MediaPlayer.framework */ = {isa = PBXFileReference; lastKnownFileType = wrapper.framework; name = MediaPlayer.framework; path = System/Library/Frameworks/MediaPlayer.framework; sourceTree = SDKROOT; };
		34E317981518FC6B007BA5BF /* QuartzCore.framework */ = {isa = PBXFileReference; lastKnownFileType = wrapper.framework; name = QuartzCore.framework; path = System/Library/Frameworks/QuartzCore.framework; sourceTree = SDKROOT; };
		34E3179A1518FC6B007BA5BF /* SystemConfiguration.framework */ = {isa = PBXFileReference; lastKnownFileType = wrapper.framework; name = SystemConfiguration.framework; path = System/Library/Frameworks/SystemConfiguration.framework; sourceTree = SDKROOT; };
		34E3179C1518FC6B007BA5BF /* MobileCoreServices.framework */ = {isa = PBXFileReference; lastKnownFileType = wrapper.framework; name = MobileCoreServices.framework; path = System/Library/Frameworks/MobileCoreServices.framework; sourceTree = SDKROOT; };
		34E3179E1518FC6B007BA5BF /* CoreMedia.framework */ = {isa = PBXFileReference; lastKnownFileType = wrapper.framework; name = CoreMedia.framework; path = System/Library/Frameworks/CoreMedia.framework; sourceTree = SDKROOT; };
		34E317A21518FC6B007BA5BF /* kifucapture-Info.plist */ = {isa = PBXFileReference; lastKnownFileType = text.plist.xml; path = "kifucapture-Info.plist"; sourceTree = "<group>"; };
		34E317A41518FC6B007BA5BF /* en */ = {isa = PBXFileReference; lastKnownFileType = text.plist.strings; name = en; path = en.lproj/InfoPlist.strings; sourceTree = "<group>"; };
		34E317A61518FC6B007BA5BF /* main.m */ = {isa = PBXFileReference; lastKnownFileType = sourcecode.c.objc; path = main.m; sourceTree = "<group>"; };
		34E317A81518FC6B007BA5BF /* kifucapture-Prefix.pch */ = {isa = PBXFileReference; lastKnownFileType = sourcecode.c.h; path = "kifucapture-Prefix.pch"; sourceTree = "<group>"; };
		34E317AE1518FC6B007BA5BF /* en */ = {isa = PBXFileReference; lastKnownFileType = text.plist.strings; name = en; path = Resources/en.lproj/Localizable.strings; sourceTree = "<group>"; };
		34E317B21518FC6B007BA5BF /* es */ = {isa = PBXFileReference; lastKnownFileType = text.plist.strings; name = es; path = Resources/es.lproj/Localizable.strings; sourceTree = "<group>"; };
		34E317B61518FC6B007BA5BF /* de */ = {isa = PBXFileReference; lastKnownFileType = text.plist.strings; name = de; path = Resources/de.lproj/Localizable.strings; sourceTree = "<group>"; };
		34E317BA1518FC6B007BA5BF /* se */ = {isa = PBXFileReference; lastKnownFileType = text.plist.strings; name = se; path = Resources/se.lproj/Localizable.strings; sourceTree = "<group>"; };
		34E317BD1518FC6B007BA5BF /* icon.png */ = {isa = PBXFileReference; lastKnownFileType = image.png; name = icon.png; path = Resources/icons/icon.png; sourceTree = "<group>"; };
		34E317BF1518FC6B007BA5BF /* icon@2x.png */ = {isa = PBXFileReference; lastKnownFileType = image.png; name = "icon@2x.png"; path = "Resources/icons/icon@2x.png"; sourceTree = "<group>"; };
		34E317C11518FC6B007BA5BF /* icon-72.png */ = {isa = PBXFileReference; lastKnownFileType = image.png; name = "icon-72.png"; path = "Resources/icons/icon-72.png"; sourceTree = "<group>"; };
		34E317C41518FC6B007BA5BF /* Default.png */ = {isa = PBXFileReference; lastKnownFileType = image.png; name = Default.png; path = Resources/splash/Default.png; sourceTree = "<group>"; };
		34E317C61518FC6B007BA5BF /* Default@2x.png */ = {isa = PBXFileReference; lastKnownFileType = image.png; name = "Default@2x.png"; path = "Resources/splash/Default@2x.png"; sourceTree = "<group>"; };
		34E317C81518FC6B007BA5BF /* Capture.bundle */ = {isa = PBXFileReference; lastKnownFileType = "wrapper.plug-in"; name = Capture.bundle; path = Resources/Capture.bundle; sourceTree = "<group>"; };
		34E317CA1518FC6B007BA5BF /* Cordova.plist */ = {isa = PBXFileReference; lastKnownFileType = text.plist.xml; path = Cordova.plist; sourceTree = "<group>"; };
		34E317CD1518FC6B007BA5BF /* AppDelegate.h */ = {isa = PBXFileReference; lastKnownFileType = sourcecode.c.h; name = AppDelegate.h; path = Classes/AppDelegate.h; sourceTree = "<group>"; };
		34E317CE1518FC6B007BA5BF /* AppDelegate.m */ = {isa = PBXFileReference; lastKnownFileType = sourcecode.c.objc; name = AppDelegate.m; path = Classes/AppDelegate.m; sourceTree = "<group>"; };
		34E317D01518FC6B007BA5BF /* MainViewController.h */ = {isa = PBXFileReference; lastKnownFileType = sourcecode.c.h; name = MainViewController.h; path = Classes/MainViewController.h; sourceTree = "<group>"; };
		34E317D11518FC6B007BA5BF /* MainViewController.m */ = {isa = PBXFileReference; lastKnownFileType = sourcecode.c.objc; name = MainViewController.m; path = Classes/MainViewController.m; sourceTree = "<group>"; };
		34E317D31518FC6B007BA5BF /* MainViewController.xib */ = {isa = PBXFileReference; lastKnownFileType = file.xib; name = MainViewController.xib; path = Classes/MainViewController.xib; sourceTree = "<group>"; };
		34E317D61518FC6B007BA5BF /* README */ = {isa = PBXFileReference; lastKnownFileType = text; name = README; path = Plugins/README; sourceTree = "<group>"; };
		34E317D71518FC6B007BA5BF /* verify.sh */ = {isa = PBXFileReference; lastKnownFileType = text.script.sh; path = verify.sh; sourceTree = "<group>"; };
		34E317DE1518FD18007BA5BF /* www */ = {isa = PBXFileReference; lastKnownFileType = folder; path = www; sourceTree = "<group>"; };
		9345375D1534089200AEB8DB /* CImg.h */ = {isa = PBXFileReference; fileEncoding = 4; lastKnownFileType = sourcecode.c.h; path = CImg.h; sourceTree = "<group>"; };
		9345375E1534089200AEB8DB /* conf.cc */ = {isa = PBXFileReference; fileEncoding = 4; lastKnownFileType = sourcecode.cpp.cpp; path = conf.cc; sourceTree = "<group>"; };
		9345375F1534089200AEB8DB /* conf.hh */ = {isa = PBXFileReference; fileEncoding = 4; lastKnownFileType = sourcecode.cpp.h; path = conf.hh; sourceTree = "<group>"; };
		934537611534089200AEB8DB /* COPYING */ = {isa = PBXFileReference; fileEncoding = 4; lastKnownFileType = text; path = COPYING; sourceTree = "<group>"; };
		934537641534089200AEB8DB /* Doxyfile */ = {isa = PBXFileReference; fileEncoding = 4; lastKnownFileType = text; path = Doxyfile; sourceTree = "<group>"; };
		934537651534089200AEB8DB /* example.jpg */ = {isa = PBXFileReference; lastKnownFileType = image.jpeg; path = example.jpg; sourceTree = "<group>"; };
		934537661534089200AEB8DB /* geom.hh */ = {isa = PBXFileReference; fileEncoding = 4; lastKnownFileType = sourcecode.cpp.h; path = geom.hh; sourceTree = "<group>"; };
		934537681534089200AEB8DB /* gocam.cc */ = {isa = PBXFileReference; fileEncoding = 4; lastKnownFileType = sourcecode.cpp.cpp; path = gocam.cc; sourceTree = "<group>"; };
		934537691534089200AEB8DB /* gocam.hh */ = {isa = PBXFileReference; fileEncoding = 4; lastKnownFileType = sourcecode.cpp.h; path = gocam.hh; sourceTree = "<group>"; };
		9345376C1534089200AEB8DB /* gocam_test.cc */ = {isa = PBXFileReference; fileEncoding = 4; lastKnownFileType = sourcecode.cpp.cpp; path = gocam_test.cc; sourceTree = "<group>"; };
		9345376F1534089200AEB8DB /* annotated.html */ = {isa = PBXFileReference; fileEncoding = 4; lastKnownFileType = text.html; path = annotated.html; sourceTree = "<group>"; };
		934537701534089200AEB8DB /* bug.html */ = {isa = PBXFileReference; fileEncoding = 4; lastKnownFileType = text.html; path = bug.html; sourceTree = "<group>"; };
		934537711534089200AEB8DB /* classconf_1_1Config-members.html */ = {isa = PBXFileReference; fileEncoding = 4; lastKnownFileType = text.html; path = "classconf_1_1Config-members.html"; sourceTree = "<group>"; };
		934537721534089200AEB8DB /* classconf_1_1Config.html */ = {isa = PBXFileReference; fileEncoding = 4; lastKnownFileType = text.html; path = classconf_1_1Config.html; sourceTree = "<group>"; };
		934537731534089200AEB8DB /* conf_8hh-source.html */ = {isa = PBXFileReference; fileEncoding = 4; lastKnownFileType = text.html; path = "conf_8hh-source.html"; sourceTree = "<group>"; };
		934537741534089200AEB8DB /* doxygen.css */ = {isa = PBXFileReference; fileEncoding = 4; lastKnownFileType = text.css; path = doxygen.css; sourceTree = "<group>"; };
		934537751534089200AEB8DB /* doxygen.png */ = {isa = PBXFileReference; lastKnownFileType = image.png; path = doxygen.png; sourceTree = "<group>"; };
		934537761534089200AEB8DB /* files.html */ = {isa = PBXFileReference; fileEncoding = 4; lastKnownFileType = text.html; path = files.html; sourceTree = "<group>"; };
		934537771534089200AEB8DB /* functions.html */ = {isa = PBXFileReference; fileEncoding = 4; lastKnownFileType = text.html; path = functions.html; sourceTree = "<group>"; };
		934537781534089200AEB8DB /* functions_func.html */ = {isa = PBXFileReference; fileEncoding = 4; lastKnownFileType = text.html; path = functions_func.html; sourceTree = "<group>"; };
		934537791534089200AEB8DB /* functions_type.html */ = {isa = PBXFileReference; fileEncoding = 4; lastKnownFileType = text.html; path = functions_type.html; sourceTree = "<group>"; };
		9345377A1534089200AEB8DB /* functions_vars.html */ = {isa = PBXFileReference; fileEncoding = 4; lastKnownFileType = text.html; path = functions_vars.html; sourceTree = "<group>"; };
		9345377B1534089200AEB8DB /* geom_8hh-source.html */ = {isa = PBXFileReference; fileEncoding = 4; lastKnownFileType = text.html; path = "geom_8hh-source.html"; sourceTree = "<group>"; };
		9345377C1534089200AEB8DB /* gocam_8hh-source.html */ = {isa = PBXFileReference; fileEncoding = 4; lastKnownFileType = text.html; path = "gocam_8hh-source.html"; sourceTree = "<group>"; };
		9345377D1534089200AEB8DB /* hierarchy.html */ = {isa = PBXFileReference; fileEncoding = 4; lastKnownFileType = text.html; path = hierarchy.html; sourceTree = "<group>"; };
		9345377E1534089200AEB8DB /* im_8hh-source.html */ = {isa = PBXFileReference; fileEncoding = 4; lastKnownFileType = text.html; path = "im_8hh-source.html"; sourceTree = "<group>"; };
		9345377F1534089200AEB8DB /* index.html */ = {isa = PBXFileReference; fileEncoding = 4; lastKnownFileType = text.html; path = index.html; sourceTree = "<group>"; };
		934537801534089200AEB8DB /* namespaceconf.html */ = {isa = PBXFileReference; fileEncoding = 4; lastKnownFileType = text.html; path = namespaceconf.html; sourceTree = "<group>"; };
		934537811534089200AEB8DB /* namespacegeom.html */ = {isa = PBXFileReference; fileEncoding = 4; lastKnownFileType = text.html; path = namespacegeom.html; sourceTree = "<group>"; };
		934537821534089200AEB8DB /* namespacegocam.html */ = {isa = PBXFileReference; fileEncoding = 4; lastKnownFileType = text.html; path = namespacegocam.html; sourceTree = "<group>"; };
		934537831534089200AEB8DB /* namespaceim.html */ = {isa = PBXFileReference; fileEncoding = 4; lastKnownFileType = text.html; path = namespaceim.html; sourceTree = "<group>"; };
		934537841534089200AEB8DB /* namespacemembers.html */ = {isa = PBXFileReference; fileEncoding = 4; lastKnownFileType = text.html; path = namespacemembers.html; sourceTree = "<group>"; };
		934537851534089200AEB8DB /* namespacemembers_func.html */ = {isa = PBXFileReference; fileEncoding = 4; lastKnownFileType = text.html; path = namespacemembers_func.html; sourceTree = "<group>"; };
		934537861534089200AEB8DB /* namespaces.html */ = {isa = PBXFileReference; fileEncoding = 4; lastKnownFileType = text.html; path = namespaces.html; sourceTree = "<group>"; };
		934537871534089200AEB8DB /* namespacestr.html */ = {isa = PBXFileReference; fileEncoding = 4; lastKnownFileType = text.html; path = namespacestr.html; sourceTree = "<group>"; };
		934537881534089200AEB8DB /* namespaceutil.html */ = {isa = PBXFileReference; fileEncoding = 4; lastKnownFileType = text.html; path = namespaceutil.html; sourceTree = "<group>"; };
		934537891534089200AEB8DB /* pages.html */ = {isa = PBXFileReference; fileEncoding = 4; lastKnownFileType = text.html; path = pages.html; sourceTree = "<group>"; };
		9345378A1534089200AEB8DB /* str_8hh-source.html */ = {isa = PBXFileReference; fileEncoding = 4; lastKnownFileType = text.html; path = "str_8hh-source.html"; sourceTree = "<group>"; };
		9345378B1534089200AEB8DB /* structconf_1_1Option-members.html */ = {isa = PBXFileReference; fileEncoding = 4; lastKnownFileType = text.html; path = "structconf_1_1Option-members.html"; sourceTree = "<group>"; };
		9345378C1534089200AEB8DB /* structconf_1_1Option.html */ = {isa = PBXFileReference; fileEncoding = 4; lastKnownFileType = text.html; path = structconf_1_1Option.html; sourceTree = "<group>"; };
		9345378D1534089200AEB8DB /* structgeom_1_1Grid-members.html */ = {isa = PBXFileReference; fileEncoding = 4; lastKnownFileType = text.html; path = "structgeom_1_1Grid-members.html"; sourceTree = "<group>"; };
		9345378E1534089200AEB8DB /* structgeom_1_1Grid.html */ = {isa = PBXFileReference; fileEncoding = 4; lastKnownFileType = text.html; path = structgeom_1_1Grid.html; sourceTree = "<group>"; };
		9345378F1534089200AEB8DB /* structgeom_1_1Line-members.html */ = {isa = PBXFileReference; fileEncoding = 4; lastKnownFileType = text.html; path = "structgeom_1_1Line-members.html"; sourceTree = "<group>"; };
		934537901534089200AEB8DB /* structgeom_1_1Line.html */ = {isa = PBXFileReference; fileEncoding = 4; lastKnownFileType = text.html; path = structgeom_1_1Line.html; sourceTree = "<group>"; };
		934537911534089200AEB8DB /* structgeom_1_1LineRT-members.html */ = {isa = PBXFileReference; fileEncoding = 4; lastKnownFileType = text.html; path = "structgeom_1_1LineRT-members.html"; sourceTree = "<group>"; };
		934537921534089200AEB8DB /* structgeom_1_1LineRT.html */ = {isa = PBXFileReference; fileEncoding = 4; lastKnownFileType = text.html; path = structgeom_1_1LineRT.html; sourceTree = "<group>"; };
		934537931534089200AEB8DB /* structgeom_1_1Point-members.html */ = {isa = PBXFileReference; fileEncoding = 4; lastKnownFileType = text.html; path = "structgeom_1_1Point-members.html"; sourceTree = "<group>"; };
		934537941534089200AEB8DB /* structgeom_1_1Point.html */ = {isa = PBXFileReference; fileEncoding = 4; lastKnownFileType = text.html; path = structgeom_1_1Point.html; sourceTree = "<group>"; };
		934537951534089200AEB8DB /* structgocam_1_1Analyser-members.html */ = {isa = PBXFileReference; fileEncoding = 4; lastKnownFileType = text.html; path = "structgocam_1_1Analyser-members.html"; sourceTree = "<group>"; };
		934537961534089200AEB8DB /* structgocam_1_1Analyser.html */ = {isa = PBXFileReference; fileEncoding = 4; lastKnownFileType = text.html; path = structgocam_1_1Analyser.html; sourceTree = "<group>"; };
		934537971534089200AEB8DB /* structim_1_1PixelSum-members.html */ = {isa = PBXFileReference; fileEncoding = 4; lastKnownFileType = text.html; path = "structim_1_1PixelSum-members.html"; sourceTree = "<group>"; };
		934537981534089200AEB8DB /* structim_1_1PixelSum.html */ = {isa = PBXFileReference; fileEncoding = 4; lastKnownFileType = text.html; path = structim_1_1PixelSum.html; sourceTree = "<group>"; };
		934537991534089200AEB8DB /* tab_b.gif */ = {isa = PBXFileReference; lastKnownFileType = image.gif; path = tab_b.gif; sourceTree = "<group>"; };
		9345379A1534089200AEB8DB /* tab_l.gif */ = {isa = PBXFileReference; lastKnownFileType = image.gif; path = tab_l.gif; sourceTree = "<group>"; };
		9345379B1534089200AEB8DB /* tab_r.gif */ = {isa = PBXFileReference; lastKnownFileType = image.gif; path = tab_r.gif; sourceTree = "<group>"; };
		9345379C1534089200AEB8DB /* tabs.css */ = {isa = PBXFileReference; fileEncoding = 4; lastKnownFileType = text.css; path = tabs.css; sourceTree = "<group>"; };
		9345379D1534089200AEB8DB /* util_8hh-source.html */ = {isa = PBXFileReference; fileEncoding = 4; lastKnownFileType = text.html; path = "util_8hh-source.html"; sourceTree = "<group>"; };
		9345379E1534089200AEB8DB /* im.hh */ = {isa = PBXFileReference; fileEncoding = 4; lastKnownFileType = sourcecode.cpp.h; path = im.hh; sourceTree = "<group>"; };
		9345379F1534089200AEB8DB /* INSTALL */ = {isa = PBXFileReference; fileEncoding = 4; lastKnownFileType = text; path = INSTALL; sourceTree = "<group>"; };
		934537A01534089200AEB8DB /* Makefile */ = {isa = PBXFileReference; fileEncoding = 4; lastKnownFileType = sourcecode.make; path = Makefile; sourceTree = "<group>"; };
		934537A11534089200AEB8DB /* NEWS */ = {isa = PBXFileReference; fileEncoding = 4; lastKnownFileType = text; path = NEWS; sourceTree = "<group>"; };
		934537A21534089200AEB8DB /* README */ = {isa = PBXFileReference; fileEncoding = 4; lastKnownFileType = text; path = README; sourceTree = "<group>"; };
		934537A31534089200AEB8DB /* str.cc */ = {isa = PBXFileReference; fileEncoding = 4; lastKnownFileType = sourcecode.cpp.cpp; path = str.cc; sourceTree = "<group>"; };
		934537A41534089200AEB8DB /* str.hh */ = {isa = PBXFileReference; fileEncoding = 4; lastKnownFileType = sourcecode.cpp.h; path = str.hh; sourceTree = "<group>"; };
		934537A61534089200AEB8DB /* test_board.jpg */ = {isa = PBXFileReference; lastKnownFileType = image.jpeg; path = test_board.jpg; sourceTree = "<group>"; };
		934537A71534089200AEB8DB /* util.hh */ = {isa = PBXFileReference; fileEncoding = 4; lastKnownFileType = sourcecode.cpp.h; path = util.hh; sourceTree = "<group>"; };
		9345389F1534179000AEB8DB /* coder.xml */ = {isa = PBXFileReference; fileEncoding = 4; lastKnownFileType = text.xml; path = coder.xml; sourceTree = "<group>"; };
		934538A01534179000AEB8DB /* colors.xml */ = {isa = PBXFileReference; fileEncoding = 4; lastKnownFileType = text.xml; path = colors.xml; sourceTree = "<group>"; };
		934538A11534179000AEB8DB /* configure.xml */ = {isa = PBXFileReference; fileEncoding = 4; lastKnownFileType = text.xml; path = configure.xml; sourceTree = "<group>"; };
		934538A21534179000AEB8DB /* delegates.xml */ = {isa = PBXFileReference; fileEncoding = 4; lastKnownFileType = text.xml; path = delegates.xml; sourceTree = "<group>"; };
		934538A31534179000AEB8DB /* english.xml */ = {isa = PBXFileReference; fileEncoding = 4; lastKnownFileType = text.xml; path = english.xml; sourceTree = "<group>"; };
		934538A41534179000AEB8DB /* francais.xml */ = {isa = PBXFileReference; fileEncoding = 4; lastKnownFileType = text.xml; path = francais.xml; sourceTree = "<group>"; };
		934538A51534179000AEB8DB /* locale.xml */ = {isa = PBXFileReference; fileEncoding = 4; lastKnownFileType = text.xml; path = locale.xml; sourceTree = "<group>"; };
		934538A61534179000AEB8DB /* log.xml */ = {isa = PBXFileReference; fileEncoding = 4; lastKnownFileType = text.xml; path = log.xml; sourceTree = "<group>"; };
		934538A71534179000AEB8DB /* magic.xml */ = {isa = PBXFileReference; fileEncoding = 4; lastKnownFileType = text.xml; path = magic.xml; sourceTree = "<group>"; };
		934538A81534179000AEB8DB /* mime.xml */ = {isa = PBXFileReference; fileEncoding = 4; lastKnownFileType = text.xml; path = mime.xml; sourceTree = "<group>"; };
		934538A91534179000AEB8DB /* policy.xml */ = {isa = PBXFileReference; fileEncoding = 4; lastKnownFileType = text.xml; path = policy.xml; sourceTree = "<group>"; };
		934538AA1534179000AEB8DB /* thresholds.xml */ = {isa = PBXFileReference; fileEncoding = 4; lastKnownFileType = text.xml; path = thresholds.xml; sourceTree = "<group>"; };
		934538AB1534179000AEB8DB /* type-dejavu.xml */ = {isa = PBXFileReference; fileEncoding = 4; lastKnownFileType = text.xml; path = "type-dejavu.xml"; sourceTree = "<group>"; };
		934538AC1534179000AEB8DB /* type-ghostscript.xml */ = {isa = PBXFileReference; fileEncoding = 4; lastKnownFileType = text.xml; path = "type-ghostscript.xml"; sourceTree = "<group>"; };
		934538AD1534179000AEB8DB /* type-windows.xml */ = {isa = PBXFileReference; fileEncoding = 4; lastKnownFileType = text.xml; path = "type-windows.xml"; sourceTree = "<group>"; };
		934538AE1534179000AEB8DB /* type.xml */ = {isa = PBXFileReference; fileEncoding = 4; lastKnownFileType = text.xml; path = type.xml; sourceTree = "<group>"; };
		934538B01534179000AEB8DB /* jconfig.h */ = {isa = PBXFileReference; fileEncoding = 4; lastKnownFileType = sourcecode.c.h; path = jconfig.h; sourceTree = "<group>"; };
		934538B11534179000AEB8DB /* jerror.h */ = {isa = PBXFileReference; fileEncoding = 4; lastKnownFileType = sourcecode.c.h; path = jerror.h; sourceTree = "<group>"; };
		934538B21534179000AEB8DB /* jmorecfg.h */ = {isa = PBXFileReference; fileEncoding = 4; lastKnownFileType = sourcecode.c.h; path = jmorecfg.h; sourceTree = "<group>"; };
		934538B31534179000AEB8DB /* jpeglib.h */ = {isa = PBXFileReference; fileEncoding = 4; lastKnownFileType = sourcecode.c.h; path = jpeglib.h; sourceTree = "<group>"; };
		934538B51534179000AEB8DB /* accelerate.h */ = {isa = PBXFileReference; fileEncoding = 4; lastKnownFileType = sourcecode.c.h; path = accelerate.h; sourceTree = "<group>"; };
		934538B61534179000AEB8DB /* animate.h */ = {isa = PBXFileReference; fileEncoding = 4; lastKnownFileType = sourcecode.c.h; path = animate.h; sourceTree = "<group>"; };
		934538B71534179000AEB8DB /* annotate.h */ = {isa = PBXFileReference; fileEncoding = 4; lastKnownFileType = sourcecode.c.h; path = annotate.h; sourceTree = "<group>"; };
		934538B81534179000AEB8DB /* api.h */ = {isa = PBXFileReference; fileEncoding = 4; lastKnownFileType = sourcecode.c.h; path = api.h; sourceTree = "<group>"; };
		934538B91534179000AEB8DB /* artifact.h */ = {isa = PBXFileReference; fileEncoding = 4; lastKnownFileType = sourcecode.c.h; path = artifact.h; sourceTree = "<group>"; };
		934538BA1534179000AEB8DB /* attribute.h */ = {isa = PBXFileReference; fileEncoding = 4; lastKnownFileType = sourcecode.c.h; path = attribute.h; sourceTree = "<group>"; };
		934538BB1534179000AEB8DB /* blob.h */ = {isa = PBXFileReference; fileEncoding = 4; lastKnownFileType = sourcecode.c.h; path = blob.h; sourceTree = "<group>"; };
		934538BC1534179000AEB8DB /* cache-view.h */ = {isa = PBXFileReference; fileEncoding = 4; lastKnownFileType = sourcecode.c.h; path = "cache-view.h"; sourceTree = "<group>"; };
		934538BD1534179000AEB8DB /* cache.h */ = {isa = PBXFileReference; fileEncoding = 4; lastKnownFileType = sourcecode.c.h; path = cache.h; sourceTree = "<group>"; };
		934538BE1534179000AEB8DB /* cipher.h */ = {isa = PBXFileReference; fileEncoding = 4; lastKnownFileType = sourcecode.c.h; path = cipher.h; sourceTree = "<group>"; };
		934538BF1534179000AEB8DB /* client.h */ = {isa = PBXFileReference; fileEncoding = 4; lastKnownFileType = sourcecode.c.h; path = client.h; sourceTree = "<group>"; };
		934538C01534179000AEB8DB /* coder.h */ = {isa = PBXFileReference; fileEncoding = 4; lastKnownFileType = sourcecode.c.h; path = coder.h; sourceTree = "<group>"; };
		934538C11534179000AEB8DB /* color.h */ = {isa = PBXFileReference; fileEncoding = 4; lastKnownFileType = sourcecode.c.h; path = color.h; sourceTree = "<group>"; };
		934538C21534179000AEB8DB /* colormap.h */ = {isa = PBXFileReference; fileEncoding = 4; lastKnownFileType = sourcecode.c.h; path = colormap.h; sourceTree = "<group>"; };
		934538C31534179000AEB8DB /* colorspace.h */ = {isa = PBXFileReference; fileEncoding = 4; lastKnownFileType = sourcecode.c.h; path = colorspace.h; sourceTree = "<group>"; };
		934538C41534179000AEB8DB /* compare.h */ = {isa = PBXFileReference; fileEncoding = 4; lastKnownFileType = sourcecode.c.h; path = compare.h; sourceTree = "<group>"; };
		934538C51534179000AEB8DB /* composite.h */ = {isa = PBXFileReference; fileEncoding = 4; lastKnownFileType = sourcecode.c.h; path = composite.h; sourceTree = "<group>"; };
		934538C61534179000AEB8DB /* compress.h */ = {isa = PBXFileReference; fileEncoding = 4; lastKnownFileType = sourcecode.c.h; path = compress.h; sourceTree = "<group>"; };
		934538C71534179000AEB8DB /* configure.h */ = {isa = PBXFileReference; fileEncoding = 4; lastKnownFileType = sourcecode.c.h; path = configure.h; sourceTree = "<group>"; };
		934538C81534179000AEB8DB /* constitute.h */ = {isa = PBXFileReference; fileEncoding = 4; lastKnownFileType = sourcecode.c.h; path = constitute.h; sourceTree = "<group>"; };
		934538C91534179000AEB8DB /* decorate.h */ = {isa = PBXFileReference; fileEncoding = 4; lastKnownFileType = sourcecode.c.h; path = decorate.h; sourceTree = "<group>"; };
		934538CA1534179000AEB8DB /* delegate.h */ = {isa = PBXFileReference; fileEncoding = 4; lastKnownFileType = sourcecode.c.h; path = delegate.h; sourceTree = "<group>"; };
		934538CB1534179000AEB8DB /* deprecate.h */ = {isa = PBXFileReference; fileEncoding = 4; lastKnownFileType = sourcecode.c.h; path = deprecate.h; sourceTree = "<group>"; };
		934538CC1534179000AEB8DB /* display.h */ = {isa = PBXFileReference; fileEncoding = 4; lastKnownFileType = sourcecode.c.h; path = display.h; sourceTree = "<group>"; };
		934538CD1534179000AEB8DB /* distort.h */ = {isa = PBXFileReference; fileEncoding = 4; lastKnownFileType = sourcecode.c.h; path = distort.h; sourceTree = "<group>"; };
		934538CE1534179000AEB8DB /* draw.h */ = {isa = PBXFileReference; fileEncoding = 4; lastKnownFileType = sourcecode.c.h; path = draw.h; sourceTree = "<group>"; };
		934538CF1534179000AEB8DB /* effect.h */ = {isa = PBXFileReference; fileEncoding = 4; lastKnownFileType = sourcecode.c.h; path = effect.h; sourceTree = "<group>"; };
		934538D01534179000AEB8DB /* enhance.h */ = {isa = PBXFileReference; fileEncoding = 4; lastKnownFileType = sourcecode.c.h; path = enhance.h; sourceTree = "<group>"; };
		934538D11534179000AEB8DB /* exception.h */ = {isa = PBXFileReference; fileEncoding = 4; lastKnownFileType = sourcecode.c.h; path = exception.h; sourceTree = "<group>"; };
		934538D21534179000AEB8DB /* feature.h */ = {isa = PBXFileReference; fileEncoding = 4; lastKnownFileType = sourcecode.c.h; path = feature.h; sourceTree = "<group>"; };
		934538D31534179000AEB8DB /* fourier.h */ = {isa = PBXFileReference; fileEncoding = 4; lastKnownFileType = sourcecode.c.h; path = fourier.h; sourceTree = "<group>"; };
		934538D41534179000AEB8DB /* fx.h */ = {isa = PBXFileReference; fileEncoding = 4; lastKnownFileType = sourcecode.c.h; path = fx.h; sourceTree = "<group>"; };
		934538D51534179000AEB8DB /* gem.h */ = {isa = PBXFileReference; fileEncoding = 4; lastKnownFileType = sourcecode.c.h; path = gem.h; sourceTree = "<group>"; };
		934538D61534179000AEB8DB /* geometry.h */ = {isa = PBXFileReference; fileEncoding = 4; lastKnownFileType = sourcecode.c.h; path = geometry.h; sourceTree = "<group>"; };
		934538D71534179000AEB8DB /* hashmap.h */ = {isa = PBXFileReference; fileEncoding = 4; lastKnownFileType = sourcecode.c.h; path = hashmap.h; sourceTree = "<group>"; };
		934538D81534179000AEB8DB /* histogram.h */ = {isa = PBXFileReference; fileEncoding = 4; lastKnownFileType = sourcecode.c.h; path = histogram.h; sourceTree = "<group>"; };
		934538D91534179000AEB8DB /* identify.h */ = {isa = PBXFileReference; fileEncoding = 4; lastKnownFileType = sourcecode.c.h; path = identify.h; sourceTree = "<group>"; };
		934538DA1534179000AEB8DB /* image-view.h */ = {isa = PBXFileReference; fileEncoding = 4; lastKnownFileType = sourcecode.c.h; path = "image-view.h"; sourceTree = "<group>"; };
		934538DB1534179000AEB8DB /* image.h */ = {isa = PBXFileReference; fileEncoding = 4; lastKnownFileType = sourcecode.c.h; path = image.h; sourceTree = "<group>"; };
		934538DC1534179000AEB8DB /* ImageMagick.h */ = {isa = PBXFileReference; fileEncoding = 4; lastKnownFileType = sourcecode.c.h; path = ImageMagick.h; sourceTree = "<group>"; };
		934538DD1534179000AEB8DB /* layer.h */ = {isa = PBXFileReference; fileEncoding = 4; lastKnownFileType = sourcecode.c.h; path = layer.h; sourceTree = "<group>"; };
		934538DE1534179000AEB8DB /* list.h */ = {isa = PBXFileReference; fileEncoding = 4; lastKnownFileType = sourcecode.c.h; path = list.h; sourceTree = "<group>"; };
		934538DF1534179000AEB8DB /* locale_.h */ = {isa = PBXFileReference; fileEncoding = 4; lastKnownFileType = sourcecode.c.h; path = locale_.h; sourceTree = "<group>"; };
		934538E01534179000AEB8DB /* log.h */ = {isa = PBXFileReference; fileEncoding = 4; lastKnownFileType = sourcecode.c.h; path = log.h; sourceTree = "<group>"; };
		934538E11534179000AEB8DB /* magic.h */ = {isa = PBXFileReference; fileEncoding = 4; lastKnownFileType = sourcecode.c.h; path = magic.h; sourceTree = "<group>"; };
		934538E21534179000AEB8DB /* magick-config.h */ = {isa = PBXFileReference; fileEncoding = 4; lastKnownFileType = sourcecode.c.h; path = "magick-config.h"; sourceTree = "<group>"; };
		934538E31534179000AEB8DB /* magick-type.h */ = {isa = PBXFileReference; fileEncoding = 4; lastKnownFileType = sourcecode.c.h; path = "magick-type.h"; sourceTree = "<group>"; };
		934538E41534179000AEB8DB /* magick.h */ = {isa = PBXFileReference; fileEncoding = 4; lastKnownFileType = sourcecode.c.h; path = magick.h; sourceTree = "<group>"; };
		934538E51534179000AEB8DB /* MagickCore.h */ = {isa = PBXFileReference; fileEncoding = 4; lastKnownFileType = sourcecode.c.h; path = MagickCore.h; sourceTree = "<group>"; };
		934538E61534179000AEB8DB /* matrix.h */ = {isa = PBXFileReference; fileEncoding = 4; lastKnownFileType = sourcecode.c.h; path = matrix.h; sourceTree = "<group>"; };
		934538E71534179000AEB8DB /* memory_.h */ = {isa = PBXFileReference; fileEncoding = 4; lastKnownFileType = sourcecode.c.h; path = memory_.h; sourceTree = "<group>"; };
		934538E81534179000AEB8DB /* methods.h */ = {isa = PBXFileReference; fileEncoding = 4; lastKnownFileType = sourcecode.c.h; path = methods.h; sourceTree = "<group>"; };
		934538E91534179000AEB8DB /* mime.h */ = {isa = PBXFileReference; fileEncoding = 4; lastKnownFileType = sourcecode.c.h; path = mime.h; sourceTree = "<group>"; };
		934538EA1534179000AEB8DB /* module.h */ = {isa = PBXFileReference; fileEncoding = 4; lastKnownFileType = sourcecode.c.h; path = module.h; sourceTree = "<group>"; };
		934538EB1534179000AEB8DB /* monitor.h */ = {isa = PBXFileReference; fileEncoding = 4; lastKnownFileType = sourcecode.c.h; path = monitor.h; sourceTree = "<group>"; };
		934538EC1534179000AEB8DB /* montage.h */ = {isa = PBXFileReference; fileEncoding = 4; lastKnownFileType = sourcecode.c.h; path = montage.h; sourceTree = "<group>"; };
		934538ED1534179000AEB8DB /* morphology.h */ = {isa = PBXFileReference; fileEncoding = 4; lastKnownFileType = sourcecode.c.h; path = morphology.h; sourceTree = "<group>"; };
		934538EE1534179000AEB8DB /* option.h */ = {isa = PBXFileReference; fileEncoding = 4; lastKnownFileType = sourcecode.c.h; path = option.h; sourceTree = "<group>"; };
		934538EF1534179000AEB8DB /* paint.h */ = {isa = PBXFileReference; fileEncoding = 4; lastKnownFileType = sourcecode.c.h; path = paint.h; sourceTree = "<group>"; };
		934538F01534179000AEB8DB /* pixel.h */ = {isa = PBXFileReference; fileEncoding = 4; lastKnownFileType = sourcecode.c.h; path = pixel.h; sourceTree = "<group>"; };
		934538F11534179000AEB8DB /* policy.h */ = {isa = PBXFileReference; fileEncoding = 4; lastKnownFileType = sourcecode.c.h; path = policy.h; sourceTree = "<group>"; };
		934538F21534179000AEB8DB /* prepress.h */ = {isa = PBXFileReference; fileEncoding = 4; lastKnownFileType = sourcecode.c.h; path = prepress.h; sourceTree = "<group>"; };
		934538F31534179000AEB8DB /* PreRvIcccm.h */ = {isa = PBXFileReference; fileEncoding = 4; lastKnownFileType = sourcecode.c.h; path = PreRvIcccm.h; sourceTree = "<group>"; };
		934538F41534179000AEB8DB /* profile.h */ = {isa = PBXFileReference; fileEncoding = 4; lastKnownFileType = sourcecode.c.h; path = profile.h; sourceTree = "<group>"; };
		934538F51534179000AEB8DB /* property.h */ = {isa = PBXFileReference; fileEncoding = 4; lastKnownFileType = sourcecode.c.h; path = property.h; sourceTree = "<group>"; };
		934538F61534179000AEB8DB /* quantize.h */ = {isa = PBXFileReference; fileEncoding = 4; lastKnownFileType = sourcecode.c.h; path = quantize.h; sourceTree = "<group>"; };
		934538F71534179000AEB8DB /* quantum.h */ = {isa = PBXFileReference; fileEncoding = 4; lastKnownFileType = sourcecode.c.h; path = quantum.h; sourceTree = "<group>"; };
		934538F81534179000AEB8DB /* random_.h */ = {isa = PBXFileReference; fileEncoding = 4; lastKnownFileType = sourcecode.c.h; path = random_.h; sourceTree = "<group>"; };
		934538F91534179000AEB8DB /* registry.h */ = {isa = PBXFileReference; fileEncoding = 4; lastKnownFileType = sourcecode.c.h; path = registry.h; sourceTree = "<group>"; };
		934538FA1534179000AEB8DB /* resample.h */ = {isa = PBXFileReference; fileEncoding = 4; lastKnownFileType = sourcecode.c.h; path = resample.h; sourceTree = "<group>"; };
		934538FB1534179000AEB8DB /* resize.h */ = {isa = PBXFileReference; fileEncoding = 4; lastKnownFileType = sourcecode.c.h; path = resize.h; sourceTree = "<group>"; };
		934538FC1534179000AEB8DB /* resource_.h */ = {isa = PBXFileReference; fileEncoding = 4; lastKnownFileType = sourcecode.c.h; path = resource_.h; sourceTree = "<group>"; };
		934538FD1534179000AEB8DB /* segment.h */ = {isa = PBXFileReference; fileEncoding = 4; lastKnownFileType = sourcecode.c.h; path = segment.h; sourceTree = "<group>"; };
		934538FE1534179000AEB8DB /* semaphore.h */ = {isa = PBXFileReference; fileEncoding = 4; lastKnownFileType = sourcecode.c.h; path = semaphore.h; sourceTree = "<group>"; };
		934538FF1534179000AEB8DB /* shear.h */ = {isa = PBXFileReference; fileEncoding = 4; lastKnownFileType = sourcecode.c.h; path = shear.h; sourceTree = "<group>"; };
		934539001534179000AEB8DB /* signature.h */ = {isa = PBXFileReference; fileEncoding = 4; lastKnownFileType = sourcecode.c.h; path = signature.h; sourceTree = "<group>"; };
		934539011534179000AEB8DB /* splay-tree.h */ = {isa = PBXFileReference; fileEncoding = 4; lastKnownFileType = sourcecode.c.h; path = "splay-tree.h"; sourceTree = "<group>"; };
		934539021534179000AEB8DB /* statistic.h */ = {isa = PBXFileReference; fileEncoding = 4; lastKnownFileType = sourcecode.c.h; path = statistic.h; sourceTree = "<group>"; };
		934539031534179000AEB8DB /* stream.h */ = {isa = PBXFileReference; fileEncoding = 4; lastKnownFileType = sourcecode.c.h; path = stream.h; sourceTree = "<group>"; };
		934539041534179000AEB8DB /* string_.h */ = {isa = PBXFileReference; fileEncoding = 4; lastKnownFileType = sourcecode.c.h; path = string_.h; sourceTree = "<group>"; };
		934539051534179000AEB8DB /* threshold.h */ = {isa = PBXFileReference; fileEncoding = 4; lastKnownFileType = sourcecode.c.h; path = threshold.h; sourceTree = "<group>"; };
		934539061534179000AEB8DB /* timer.h */ = {isa = PBXFileReference; fileEncoding = 4; lastKnownFileType = sourcecode.c.h; path = timer.h; sourceTree = "<group>"; };
		934539071534179000AEB8DB /* token.h */ = {isa = PBXFileReference; fileEncoding = 4; lastKnownFileType = sourcecode.c.h; path = token.h; sourceTree = "<group>"; };
		934539081534179000AEB8DB /* transform.h */ = {isa = PBXFileReference; fileEncoding = 4; lastKnownFileType = sourcecode.c.h; path = transform.h; sourceTree = "<group>"; };
		934539091534179000AEB8DB /* type.h */ = {isa = PBXFileReference; fileEncoding = 4; lastKnownFileType = sourcecode.c.h; path = type.h; sourceTree = "<group>"; };
		9345390A1534179000AEB8DB /* utility.h */ = {isa = PBXFileReference; fileEncoding = 4; lastKnownFileType = sourcecode.c.h; path = utility.h; sourceTree = "<group>"; };
		9345390B1534179000AEB8DB /* version.h */ = {isa = PBXFileReference; fileEncoding = 4; lastKnownFileType = sourcecode.c.h; path = version.h; sourceTree = "<group>"; };
		9345390C1534179000AEB8DB /* widget.h */ = {isa = PBXFileReference; fileEncoding = 4; lastKnownFileType = sourcecode.c.h; path = widget.h; sourceTree = "<group>"; };
		9345390D1534179000AEB8DB /* xml-tree.h */ = {isa = PBXFileReference; fileEncoding = 4; lastKnownFileType = sourcecode.c.h; path = "xml-tree.h"; sourceTree = "<group>"; };
		9345390E1534179000AEB8DB /* xwindow.h */ = {isa = PBXFileReference; fileEncoding = 4; lastKnownFileType = sourcecode.c.h; path = xwindow.h; sourceTree = "<group>"; };
		934539101534179000AEB8DB /* png.h */ = {isa = PBXFileReference; fileEncoding = 4; lastKnownFileType = sourcecode.c.h; path = png.h; sourceTree = "<group>"; };
		934539111534179000AEB8DB /* pngconf.h */ = {isa = PBXFileReference; fileEncoding = 4; lastKnownFileType = sourcecode.c.h; path = pngconf.h; sourceTree = "<group>"; };
		934539131534179000AEB8DB /* tiff.h */ = {isa = PBXFileReference; fileEncoding = 4; lastKnownFileType = sourcecode.c.h; path = tiff.h; sourceTree = "<group>"; };
		934539141534179000AEB8DB /* tiffconf.h */ = {isa = PBXFileReference; fileEncoding = 4; lastKnownFileType = sourcecode.c.h; path = tiffconf.h; sourceTree = "<group>"; };
		934539151534179000AEB8DB /* tiffio.h */ = {isa = PBXFileReference; fileEncoding = 4; lastKnownFileType = sourcecode.c.h; path = tiffio.h; sourceTree = "<group>"; };
		934539161534179000AEB8DB /* tiffvers.h */ = {isa = PBXFileReference; fileEncoding = 4; lastKnownFileType = sourcecode.c.h; path = tiffvers.h; sourceTree = "<group>"; };
		934539181534179000AEB8DB /* animate.h */ = {isa = PBXFileReference; fileEncoding = 4; lastKnownFileType = sourcecode.c.h; path = animate.h; sourceTree = "<group>"; };
		934539191534179000AEB8DB /* compare.h */ = {isa = PBXFileReference; fileEncoding = 4; lastKnownFileType = sourcecode.c.h; path = compare.h; sourceTree = "<group>"; };
		9345391A1534179000AEB8DB /* composite.h */ = {isa = PBXFileReference; fileEncoding = 4; lastKnownFileType = sourcecode.c.h; path = composite.h; sourceTree = "<group>"; };
		9345391B1534179000AEB8DB /* conjure.h */ = {isa = PBXFileReference; fileEncoding = 4; lastKnownFileType = sourcecode.c.h; path = conjure.h; sourceTree = "<group>"; };
		9345391C1534179000AEB8DB /* convert.h */ = {isa = PBXFileReference; fileEncoding = 4; lastKnownFileType = sourcecode.c.h; path = convert.h; sourceTree = "<group>"; };
		9345391D1534179000AEB8DB /* deprecate.h */ = {isa = PBXFileReference; fileEncoding = 4; lastKnownFileType = sourcecode.c.h; path = deprecate.h; sourceTree = "<group>"; };
		9345391E1534179000AEB8DB /* display.h */ = {isa = PBXFileReference; fileEncoding = 4; lastKnownFileType = sourcecode.c.h; path = display.h; sourceTree = "<group>"; };
		9345391F1534179000AEB8DB /* drawing-wand.h */ = {isa = PBXFileReference; fileEncoding = 4; lastKnownFileType = sourcecode.c.h; path = "drawing-wand.h"; sourceTree = "<group>"; };
		934539201534179000AEB8DB /* identify.h */ = {isa = PBXFileReference; fileEncoding = 4; lastKnownFileType = sourcecode.c.h; path = identify.h; sourceTree = "<group>"; };
		934539211534179000AEB8DB /* import.h */ = {isa = PBXFileReference; fileEncoding = 4; lastKnownFileType = sourcecode.c.h; path = import.h; sourceTree = "<group>"; };
		934539221534179000AEB8DB /* magick-image.h */ = {isa = PBXFileReference; fileEncoding = 4; lastKnownFileType = sourcecode.c.h; path = "magick-image.h"; sourceTree = "<group>"; };
		934539231534179000AEB8DB /* magick-property.h */ = {isa = PBXFileReference; fileEncoding = 4; lastKnownFileType = sourcecode.c.h; path = "magick-property.h"; sourceTree = "<group>"; };
		934539241534179000AEB8DB /* magick-wand.h */ = {isa = PBXFileReference; fileEncoding = 4; lastKnownFileType = sourcecode.c.h; path = "magick-wand.h"; sourceTree = "<group>"; };
		934539251534179000AEB8DB /* magick_wand.h */ = {isa = PBXFileReference; fileEncoding = 4; lastKnownFileType = sourcecode.c.h; path = magick_wand.h; sourceTree = "<group>"; };
		934539261534179000AEB8DB /* MagickWand.h */ = {isa = PBXFileReference; fileEncoding = 4; lastKnownFileType = sourcecode.c.h; path = MagickWand.h; sourceTree = "<group>"; };
		934539271534179000AEB8DB /* mogrify.h */ = {isa = PBXFileReference; fileEncoding = 4; lastKnownFileType = sourcecode.c.h; path = mogrify.h; sourceTree = "<group>"; };
		934539281534179000AEB8DB /* montage.h */ = {isa = PBXFileReference; fileEncoding = 4; lastKnownFileType = sourcecode.c.h; path = montage.h; sourceTree = "<group>"; };
		934539291534179000AEB8DB /* pixel-iterator.h */ = {isa = PBXFileReference; fileEncoding = 4; lastKnownFileType = sourcecode.c.h; path = "pixel-iterator.h"; sourceTree = "<group>"; };
		9345392A1534179000AEB8DB /* pixel-wand.h */ = {isa = PBXFileReference; fileEncoding = 4; lastKnownFileType = sourcecode.c.h; path = "pixel-wand.h"; sourceTree = "<group>"; };
		9345392B1534179000AEB8DB /* stream.h */ = {isa = PBXFileReference; fileEncoding = 4; lastKnownFileType = sourcecode.c.h; path = stream.h; sourceTree = "<group>"; };
		9345392C1534179000AEB8DB /* wand-view.h */ = {isa = PBXFileReference; fileEncoding = 4; lastKnownFileType = sourcecode.c.h; path = "wand-view.h"; sourceTree = "<group>"; };
		9345392D1534179000AEB8DB /* libjpeg.a */ = {isa = PBXFileReference; lastKnownFileType = archive.ar; path = libjpeg.a; sourceTree = "<group>"; };
		9345392E1534179000AEB8DB /* libMagickCore.a */ = {isa = PBXFileReference; lastKnownFileType = archive.ar; path = libMagickCore.a; sourceTree = "<group>"; };
		9345392F1534179000AEB8DB /* libMagickWand.a */ = {isa = PBXFileReference; lastKnownFileType = archive.ar; path = libMagickWand.a; sourceTree = "<group>"; };
		934539301534179000AEB8DB /* libpng.a */ = {isa = PBXFileReference; lastKnownFileType = archive.ar; path = libpng.a; sourceTree = "<group>"; };
		934539311534179000AEB8DB /* libtiff.a */ = {isa = PBXFileReference; lastKnownFileType = archive.ar; path = libtiff.a; sourceTree = "<group>"; };
		93C488C9153A0C3E0042CB4F /* Cordova.framework */ = {isa = PBXFileReference; lastKnownFileType = wrapper.framework; path = Cordova.framework; sourceTree = "<group>"; };
		93EB0671153BC5A40040B5FC /* GocamClass.h */ = {isa = PBXFileReference; fileEncoding = 4; lastKnownFileType = sourcecode.c.h; path = GocamClass.h; sourceTree = "<group>"; };
		93EB0673153BC5FC0040B5FC /* GocamClass.m */ = {isa = PBXFileReference; fileEncoding = 4; lastKnownFileType = sourcecode.c.objc; path = GocamClass.m; sourceTree = "<group>"; };
		93EB0677153BD2830040B5FC /* gocam_test.h */ = {isa = PBXFileReference; fileEncoding = 4; lastKnownFileType = sourcecode.c.h; path = gocam_test.h; sourceTree = "<group>"; };
/* End PBXFileReference section */

/* Begin PBXFrameworksBuildPhase section */
		34E3177C1518FC6B007BA5BF /* Frameworks */ = {
			isa = PBXFrameworksBuildPhase;
			buildActionMask = 2147483647;
			files = (
				93C488CA153A0C3E0042CB4F /* Cordova.framework in Frameworks */,
				34E317871518FC6B007BA5BF /* Foundation.framework in Frameworks */,
				34E317891518FC6B007BA5BF /* UIKit.framework in Frameworks */,
				34E3178B1518FC6B007BA5BF /* CoreGraphics.framework in Frameworks */,
				34E3178D1518FC6B007BA5BF /* AddressBook.framework in Frameworks */,
				34E3178F1518FC6B007BA5BF /* AddressBookUI.framework in Frameworks */,
				34E317911518FC6B007BA5BF /* AudioToolbox.framework in Frameworks */,
				34E317931518FC6B007BA5BF /* AVFoundation.framework in Frameworks */,
				34E317951518FC6B007BA5BF /* CoreLocation.framework in Frameworks */,
				34E317971518FC6B007BA5BF /* MediaPlayer.framework in Frameworks */,
				34E317991518FC6B007BA5BF /* QuartzCore.framework in Frameworks */,
				34E3179B1518FC6B007BA5BF /* SystemConfiguration.framework in Frameworks */,
				34E3179D1518FC6B007BA5BF /* MobileCoreServices.framework in Frameworks */,
				34E3179F1518FC6B007BA5BF /* CoreMedia.framework in Frameworks */,
				934539421534179000AEB8DB /* libjpeg.a in Frameworks */,
				934539431534179000AEB8DB /* libMagickCore.a in Frameworks */,
				934539441534179000AEB8DB /* libMagickWand.a in Frameworks */,
				934539451534179000AEB8DB /* libpng.a in Frameworks */,
				934539461534179000AEB8DB /* libtiff.a in Frameworks */,
			);
			runOnlyForDeploymentPostprocessing = 0;
		};
		34E3177F1518FC6B007BA5BF /* Frameworks */ = {
			isa = PBXFrameworksBuildPhase;
			buildActionMask = 2147483647;
			files = (
			);
			runOnlyForDeploymentPostprocessing = 0;
		};
/* End PBXFrameworksBuildPhase section */

/* Begin PBXGroup section */
		34E317741518FC6B007BA5BF = {
			isa = PBXGroup;
			children = (
				34E317A01518FC6B007BA5BF /* kifucapture */,
				34E317851518FC6B007BA5BF /* Frameworks */,
				34E317831518FC6B007BA5BF /* Products */,
				34E317DE1518FD18007BA5BF /* www */,
			);
			sourceTree = "<group>";
		};
		34E317831518FC6B007BA5BF /* Products */ = {
			isa = PBXGroup;
			children = (
				34E317821518FC6B007BA5BF /* kifucapture.app */,
			);
			name = Products;
			sourceTree = "<group>";
		};
		34E317851518FC6B007BA5BF /* Frameworks */ = {
			isa = PBXGroup;
			children = (
				93C488C9153A0C3E0042CB4F /* Cordova.framework */,
				34E317861518FC6B007BA5BF /* Foundation.framework */,
				34E317881518FC6B007BA5BF /* UIKit.framework */,
				34E3178A1518FC6B007BA5BF /* CoreGraphics.framework */,
				34E3178C1518FC6B007BA5BF /* AddressBook.framework */,
				34E3178E1518FC6B007BA5BF /* AddressBookUI.framework */,
				34E317901518FC6B007BA5BF /* AudioToolbox.framework */,
				34E317921518FC6B007BA5BF /* AVFoundation.framework */,
				34E317941518FC6B007BA5BF /* CoreLocation.framework */,
				34E317961518FC6B007BA5BF /* MediaPlayer.framework */,
				34E317981518FC6B007BA5BF /* QuartzCore.framework */,
				34E3179A1518FC6B007BA5BF /* SystemConfiguration.framework */,
				34E3179C1518FC6B007BA5BF /* MobileCoreServices.framework */,
				34E3179E1518FC6B007BA5BF /* CoreMedia.framework */,
			);
			name = Frameworks;
			sourceTree = "<group>";
		};
		34E317A01518FC6B007BA5BF /* kifucapture */ = {
			isa = PBXGroup;
			children = (
				34E317AB1518FC6B007BA5BF /* Resources */,
				34E317CC1518FC6B007BA5BF /* Classes */,
				34E317D51518FC6B007BA5BF /* Plugins */,
				34E317A11518FC6B007BA5BF /* Supporting Files */,
			);
			path = kifucapture;
			sourceTree = "<group>";
		};
		34E317A11518FC6B007BA5BF /* Supporting Files */ = {
			isa = PBXGroup;
			children = (
				9345389C1534179000AEB8DB /* iOSMagick-6.7.5-3-libs */,
				34E317A21518FC6B007BA5BF /* kifucapture-Info.plist */,
				34E317A31518FC6B007BA5BF /* InfoPlist.strings */,
				34E317A61518FC6B007BA5BF /* main.m */,
				34E317A81518FC6B007BA5BF /* kifucapture-Prefix.pch */,
				9345375B1534089200AEB8DB /* gocam-0.3 */,
				34E317CA1518FC6B007BA5BF /* Cordova.plist */,
				34E317D31518FC6B007BA5BF /* MainViewController.xib */,
				34E317D71518FC6B007BA5BF /* verify.sh */,
			);
			name = "Supporting Files";
			sourceTree = "<group>";
		};
		34E317AB1518FC6B007BA5BF /* Resources */ = {
			isa = PBXGroup;
			children = (
				34E317C81518FC6B007BA5BF /* Capture.bundle */,
				34E317AC1518FC6B007BA5BF /* en.lproj */,
				34E317B01518FC6B007BA5BF /* es.lproj */,
				34E317B41518FC6B007BA5BF /* de.lproj */,
				34E317B81518FC6B007BA5BF /* se.lproj */,
				34E317BC1518FC6B007BA5BF /* icons */,
				34E317C31518FC6B007BA5BF /* splash */,
			);
			name = Resources;
			sourceTree = "<group>";
		};
		34E317AC1518FC6B007BA5BF /* en.lproj */ = {
			isa = PBXGroup;
			children = (
				34E317AD1518FC6B007BA5BF /* Localizable.strings */,
			);
			name = en.lproj;
			sourceTree = "<group>";
		};
		34E317B01518FC6B007BA5BF /* es.lproj */ = {
			isa = PBXGroup;
			children = (
				34E317B11518FC6B007BA5BF /* Localizable.strings */,
			);
			name = es.lproj;
			sourceTree = "<group>";
		};
		34E317B41518FC6B007BA5BF /* de.lproj */ = {
			isa = PBXGroup;
			children = (
				34E317B51518FC6B007BA5BF /* Localizable.strings */,
			);
			name = de.lproj;
			sourceTree = "<group>";
		};
		34E317B81518FC6B007BA5BF /* se.lproj */ = {
			isa = PBXGroup;
			children = (
				34E317B91518FC6B007BA5BF /* Localizable.strings */,
			);
			name = se.lproj;
			sourceTree = "<group>";
		};
		34E317BC1518FC6B007BA5BF /* icons */ = {
			isa = PBXGroup;
			children = (
				34E317BD1518FC6B007BA5BF /* icon.png */,
				34E317BF1518FC6B007BA5BF /* icon@2x.png */,
				34E317C11518FC6B007BA5BF /* icon-72.png */,
			);
			name = icons;
			sourceTree = "<group>";
		};
		34E317C31518FC6B007BA5BF /* splash */ = {
			isa = PBXGroup;
			children = (
				34E317C41518FC6B007BA5BF /* Default.png */,
				34E317C61518FC6B007BA5BF /* Default@2x.png */,
			);
			name = splash;
			sourceTree = "<group>";
		};
		34E317CC1518FC6B007BA5BF /* Classes */ = {
			isa = PBXGroup;
			children = (
				34E317CD1518FC6B007BA5BF /* AppDelegate.h */,
				34E317CE1518FC6B007BA5BF /* AppDelegate.m */,
				34E317D01518FC6B007BA5BF /* MainViewController.h */,
				34E317D11518FC6B007BA5BF /* MainViewController.m */,
			);
			name = Classes;
			sourceTree = "<group>";
		};
		34E317D51518FC6B007BA5BF /* Plugins */ = {
			isa = PBXGroup;
			children = (
				34E317D61518FC6B007BA5BF /* README */,
				93EB0671153BC5A40040B5FC /* GocamClass.h */,
				93EB0673153BC5FC0040B5FC /* GocamClass.m */,
			);
			name = Plugins;
			sourceTree = "<group>";
		};
		9345375B1534089200AEB8DB /* gocam-0.3 */ = {
			isa = PBXGroup;
			children = (
				9345375D1534089200AEB8DB /* CImg.h */,
				9345375E1534089200AEB8DB /* conf.cc */,
				9345375F1534089200AEB8DB /* conf.hh */,
				934537611534089200AEB8DB /* COPYING */,
				934537641534089200AEB8DB /* Doxyfile */,
				934537651534089200AEB8DB /* example.jpg */,
				934537661534089200AEB8DB /* geom.hh */,
				934537681534089200AEB8DB /* gocam.cc */,
				934537691534089200AEB8DB /* gocam.hh */,
				9345376C1534089200AEB8DB /* gocam_test.cc */,
				9345376E1534089200AEB8DB /* html */,
				9345379E1534089200AEB8DB /* im.hh */,
				9345379F1534089200AEB8DB /* INSTALL */,
				934537A01534089200AEB8DB /* Makefile */,
				934537A11534089200AEB8DB /* NEWS */,
				934537A21534089200AEB8DB /* README */,
				934537A31534089200AEB8DB /* str.cc */,
				934537A41534089200AEB8DB /* str.hh */,
				934537A61534089200AEB8DB /* test_board.jpg */,
				934537A71534089200AEB8DB /* util.hh */,
				93EB0677153BD2830040B5FC /* gocam_test.h */,
			);
			path = "gocam-0.3";
			sourceTree = SOURCE_ROOT;
		};
		9345376E1534089200AEB8DB /* html */ = {
			isa = PBXGroup;
			children = (
				9345376F1534089200AEB8DB /* annotated.html */,
				934537701534089200AEB8DB /* bug.html */,
				934537711534089200AEB8DB /* classconf_1_1Config-members.html */,
				934537721534089200AEB8DB /* classconf_1_1Config.html */,
				934537731534089200AEB8DB /* conf_8hh-source.html */,
				934537741534089200AEB8DB /* doxygen.css */,
				934537751534089200AEB8DB /* doxygen.png */,
				934537761534089200AEB8DB /* files.html */,
				934537771534089200AEB8DB /* functions.html */,
				934537781534089200AEB8DB /* functions_func.html */,
				934537791534089200AEB8DB /* functions_type.html */,
				9345377A1534089200AEB8DB /* functions_vars.html */,
				9345377B1534089200AEB8DB /* geom_8hh-source.html */,
				9345377C1534089200AEB8DB /* gocam_8hh-source.html */,
				9345377D1534089200AEB8DB /* hierarchy.html */,
				9345377E1534089200AEB8DB /* im_8hh-source.html */,
				9345377F1534089200AEB8DB /* index.html */,
				934537801534089200AEB8DB /* namespaceconf.html */,
				934537811534089200AEB8DB /* namespacegeom.html */,
				934537821534089200AEB8DB /* namespacegocam.html */,
				934537831534089200AEB8DB /* namespaceim.html */,
				934537841534089200AEB8DB /* namespacemembers.html */,
				934537851534089200AEB8DB /* namespacemembers_func.html */,
				934537861534089200AEB8DB /* namespaces.html */,
				934537871534089200AEB8DB /* namespacestr.html */,
				934537881534089200AEB8DB /* namespaceutil.html */,
				934537891534089200AEB8DB /* pages.html */,
				9345378A1534089200AEB8DB /* str_8hh-source.html */,
				9345378B1534089200AEB8DB /* structconf_1_1Option-members.html */,
				9345378C1534089200AEB8DB /* structconf_1_1Option.html */,
				9345378D1534089200AEB8DB /* structgeom_1_1Grid-members.html */,
				9345378E1534089200AEB8DB /* structgeom_1_1Grid.html */,
				9345378F1534089200AEB8DB /* structgeom_1_1Line-members.html */,
				934537901534089200AEB8DB /* structgeom_1_1Line.html */,
				934537911534089200AEB8DB /* structgeom_1_1LineRT-members.html */,
				934537921534089200AEB8DB /* structgeom_1_1LineRT.html */,
				934537931534089200AEB8DB /* structgeom_1_1Point-members.html */,
				934537941534089200AEB8DB /* structgeom_1_1Point.html */,
				934537951534089200AEB8DB /* structgocam_1_1Analyser-members.html */,
				934537961534089200AEB8DB /* structgocam_1_1Analyser.html */,
				934537971534089200AEB8DB /* structim_1_1PixelSum-members.html */,
				934537981534089200AEB8DB /* structim_1_1PixelSum.html */,
				934537991534089200AEB8DB /* tab_b.gif */,
				9345379A1534089200AEB8DB /* tab_l.gif */,
				9345379B1534089200AEB8DB /* tab_r.gif */,
				9345379C1534089200AEB8DB /* tabs.css */,
				9345379D1534089200AEB8DB /* util_8hh-source.html */,
			);
			path = html;
			sourceTree = "<group>";
		};
		9345389C1534179000AEB8DB /* iOSMagick-6.7.5-3-libs */ = {
			isa = PBXGroup;
			children = (
				9345389D1534179000AEB8DB /* include */,
				9345392D1534179000AEB8DB /* libjpeg.a */,
				9345392E1534179000AEB8DB /* libMagickCore.a */,
				9345392F1534179000AEB8DB /* libMagickWand.a */,
				934539301534179000AEB8DB /* libpng.a */,
				934539311534179000AEB8DB /* libtiff.a */,
			);
			name = "iOSMagick-6.7.5-3-libs";
			path = "../iOSMagick-6.7.5-3-libs";
			sourceTree = "<group>";
		};
		9345389D1534179000AEB8DB /* include */ = {
			isa = PBXGroup;
			children = (
				9345389E1534179000AEB8DB /* im_config */,
				934538AF1534179000AEB8DB /* jpeg */,
				934538B41534179000AEB8DB /* magick */,
				9345390F1534179000AEB8DB /* png */,
				934539121534179000AEB8DB /* tiff */,
				934539171534179000AEB8DB /* wand */,
			);
			path = include;
			sourceTree = "<group>";
		};
		9345389E1534179000AEB8DB /* im_config */ = {
			isa = PBXGroup;
			children = (
				9345389F1534179000AEB8DB /* coder.xml */,
				934538A01534179000AEB8DB /* colors.xml */,
				934538A11534179000AEB8DB /* configure.xml */,
				934538A21534179000AEB8DB /* delegates.xml */,
				934538A31534179000AEB8DB /* english.xml */,
				934538A41534179000AEB8DB /* francais.xml */,
				934538A51534179000AEB8DB /* locale.xml */,
				934538A61534179000AEB8DB /* log.xml */,
				934538A71534179000AEB8DB /* magic.xml */,
				934538A81534179000AEB8DB /* mime.xml */,
				934538A91534179000AEB8DB /* policy.xml */,
				934538AA1534179000AEB8DB /* thresholds.xml */,
				934538AB1534179000AEB8DB /* type-dejavu.xml */,
				934538AC1534179000AEB8DB /* type-ghostscript.xml */,
				934538AD1534179000AEB8DB /* type-windows.xml */,
				934538AE1534179000AEB8DB /* type.xml */,
			);
			path = im_config;
			sourceTree = "<group>";
		};
		934538AF1534179000AEB8DB /* jpeg */ = {
			isa = PBXGroup;
			children = (
				934538B01534179000AEB8DB /* jconfig.h */,
				934538B11534179000AEB8DB /* jerror.h */,
				934538B21534179000AEB8DB /* jmorecfg.h */,
				934538B31534179000AEB8DB /* jpeglib.h */,
			);
			path = jpeg;
			sourceTree = "<group>";
		};
		934538B41534179000AEB8DB /* magick */ = {
			isa = PBXGroup;
			children = (
				934538B51534179000AEB8DB /* accelerate.h */,
				934538B61534179000AEB8DB /* animate.h */,
				934538B71534179000AEB8DB /* annotate.h */,
				934538B81534179000AEB8DB /* api.h */,
				934538B91534179000AEB8DB /* artifact.h */,
				934538BA1534179000AEB8DB /* attribute.h */,
				934538BB1534179000AEB8DB /* blob.h */,
				934538BC1534179000AEB8DB /* cache-view.h */,
				934538BD1534179000AEB8DB /* cache.h */,
				934538BE1534179000AEB8DB /* cipher.h */,
				934538BF1534179000AEB8DB /* client.h */,
				934538C01534179000AEB8DB /* coder.h */,
				934538C11534179000AEB8DB /* color.h */,
				934538C21534179000AEB8DB /* colormap.h */,
				934538C31534179000AEB8DB /* colorspace.h */,
				934538C41534179000AEB8DB /* compare.h */,
				934538C51534179000AEB8DB /* composite.h */,
				934538C61534179000AEB8DB /* compress.h */,
				934538C71534179000AEB8DB /* configure.h */,
				934538C81534179000AEB8DB /* constitute.h */,
				934538C91534179000AEB8DB /* decorate.h */,
				934538CA1534179000AEB8DB /* delegate.h */,
				934538CB1534179000AEB8DB /* deprecate.h */,
				934538CC1534179000AEB8DB /* display.h */,
				934538CD1534179000AEB8DB /* distort.h */,
				934538CE1534179000AEB8DB /* draw.h */,
				934538CF1534179000AEB8DB /* effect.h */,
				934538D01534179000AEB8DB /* enhance.h */,
				934538D11534179000AEB8DB /* exception.h */,
				934538D21534179000AEB8DB /* feature.h */,
				934538D31534179000AEB8DB /* fourier.h */,
				934538D41534179000AEB8DB /* fx.h */,
				934538D51534179000AEB8DB /* gem.h */,
				934538D61534179000AEB8DB /* geometry.h */,
				934538D71534179000AEB8DB /* hashmap.h */,
				934538D81534179000AEB8DB /* histogram.h */,
				934538D91534179000AEB8DB /* identify.h */,
				934538DA1534179000AEB8DB /* image-view.h */,
				934538DB1534179000AEB8DB /* image.h */,
				934538DC1534179000AEB8DB /* ImageMagick.h */,
				934538DD1534179000AEB8DB /* layer.h */,
				934538DE1534179000AEB8DB /* list.h */,
				934538DF1534179000AEB8DB /* locale_.h */,
				934538E01534179000AEB8DB /* log.h */,
				934538E11534179000AEB8DB /* magic.h */,
				934538E21534179000AEB8DB /* magick-config.h */,
				934538E31534179000AEB8DB /* magick-type.h */,
				934538E41534179000AEB8DB /* magick.h */,
				934538E51534179000AEB8DB /* MagickCore.h */,
				934538E61534179000AEB8DB /* matrix.h */,
				934538E71534179000AEB8DB /* memory_.h */,
				934538E81534179000AEB8DB /* methods.h */,
				934538E91534179000AEB8DB /* mime.h */,
				934538EA1534179000AEB8DB /* module.h */,
				934538EB1534179000AEB8DB /* monitor.h */,
				934538EC1534179000AEB8DB /* montage.h */,
				934538ED1534179000AEB8DB /* morphology.h */,
				934538EE1534179000AEB8DB /* option.h */,
				934538EF1534179000AEB8DB /* paint.h */,
				934538F01534179000AEB8DB /* pixel.h */,
				934538F11534179000AEB8DB /* policy.h */,
				934538F21534179000AEB8DB /* prepress.h */,
				934538F31534179000AEB8DB /* PreRvIcccm.h */,
				934538F41534179000AEB8DB /* profile.h */,
				934538F51534179000AEB8DB /* property.h */,
				934538F61534179000AEB8DB /* quantize.h */,
				934538F71534179000AEB8DB /* quantum.h */,
				934538F81534179000AEB8DB /* random_.h */,
				934538F91534179000AEB8DB /* registry.h */,
				934538FA1534179000AEB8DB /* resample.h */,
				934538FB1534179000AEB8DB /* resize.h */,
				934538FC1534179000AEB8DB /* resource_.h */,
				934538FD1534179000AEB8DB /* segment.h */,
				934538FE1534179000AEB8DB /* semaphore.h */,
				934538FF1534179000AEB8DB /* shear.h */,
				934539001534179000AEB8DB /* signature.h */,
				934539011534179000AEB8DB /* splay-tree.h */,
				934539021534179000AEB8DB /* statistic.h */,
				934539031534179000AEB8DB /* stream.h */,
				934539041534179000AEB8DB /* string_.h */,
				934539051534179000AEB8DB /* threshold.h */,
				934539061534179000AEB8DB /* timer.h */,
				934539071534179000AEB8DB /* token.h */,
				934539081534179000AEB8DB /* transform.h */,
				934539091534179000AEB8DB /* type.h */,
				9345390A1534179000AEB8DB /* utility.h */,
				9345390B1534179000AEB8DB /* version.h */,
				9345390C1534179000AEB8DB /* widget.h */,
				9345390D1534179000AEB8DB /* xml-tree.h */,
				9345390E1534179000AEB8DB /* xwindow.h */,
			);
			path = magick;
			sourceTree = "<group>";
		};
		9345390F1534179000AEB8DB /* png */ = {
			isa = PBXGroup;
			children = (
				934539101534179000AEB8DB /* png.h */,
				934539111534179000AEB8DB /* pngconf.h */,
			);
			path = png;
			sourceTree = "<group>";
		};
		934539121534179000AEB8DB /* tiff */ = {
			isa = PBXGroup;
			children = (
				934539131534179000AEB8DB /* tiff.h */,
				934539141534179000AEB8DB /* tiffconf.h */,
				934539151534179000AEB8DB /* tiffio.h */,
				934539161534179000AEB8DB /* tiffvers.h */,
			);
			path = tiff;
			sourceTree = "<group>";
		};
		934539171534179000AEB8DB /* wand */ = {
			isa = PBXGroup;
			children = (
				934539181534179000AEB8DB /* animate.h */,
				934539191534179000AEB8DB /* compare.h */,
				9345391A1534179000AEB8DB /* composite.h */,
				9345391B1534179000AEB8DB /* conjure.h */,
				9345391C1534179000AEB8DB /* convert.h */,
				9345391D1534179000AEB8DB /* deprecate.h */,
				9345391E1534179000AEB8DB /* display.h */,
				9345391F1534179000AEB8DB /* drawing-wand.h */,
				934539201534179000AEB8DB /* identify.h */,
				934539211534179000AEB8DB /* import.h */,
				934539221534179000AEB8DB /* magick-image.h */,
				934539231534179000AEB8DB /* magick-property.h */,
				934539241534179000AEB8DB /* magick-wand.h */,
				934539251534179000AEB8DB /* magick_wand.h */,
				934539261534179000AEB8DB /* MagickWand.h */,
				934539271534179000AEB8DB /* mogrify.h */,
				934539281534179000AEB8DB /* montage.h */,
				934539291534179000AEB8DB /* pixel-iterator.h */,
				9345392A1534179000AEB8DB /* pixel-wand.h */,
				9345392B1534179000AEB8DB /* stream.h */,
				9345392C1534179000AEB8DB /* wand-view.h */,
			);
			path = wand;
			sourceTree = "<group>";
		};
/* End PBXGroup section */

/* Begin PBXNativeTarget section */
		34E317811518FC6B007BA5BF /* kifucapture */ = {
			isa = PBXNativeTarget;
			buildConfigurationList = 34E317DB1518FC6B007BA5BF /* Build configuration list for PBXNativeTarget "kifucapture" */;
			buildPhases = (
				34E3177B1518FC6B007BA5BF /* Sources */,
				34E3177C1518FC6B007BA5BF /* Frameworks */,
				34E3177D1518FC6B007BA5BF /* Resources */,
				34E3177E1518FC6B007BA5BF /* Sources */,
				34E3177F1518FC6B007BA5BF /* Frameworks */,
				34E317801518FC6B007BA5BF /* ShellScript */,
			);
			buildRules = (
			);
			dependencies = (
			);
			name = kifucapture;
			productName = kifucapture;
			productReference = 34E317821518FC6B007BA5BF /* kifucapture.app */;
			productType = "com.apple.product-type.application";
		};
/* End PBXNativeTarget section */

/* Begin PBXProject section */
		34E317761518FC6B007BA5BF /* Project object */ = {
			isa = PBXProject;
			attributes = {
				LastUpgradeCheck = 0430;
				ORGANIZATIONNAME = "Matthew McClintock";
			};
			buildConfigurationList = 34E317791518FC6B007BA5BF /* Build configuration list for PBXProject "kifucapture" */;
			compatibilityVersion = "Xcode 3.2";
			developmentRegion = English;
			hasScannedForEncodings = 0;
			knownRegions = (
				en,
				es,
				de,
				se,
			);
			mainGroup = 34E317741518FC6B007BA5BF;
			productRefGroup = 34E317831518FC6B007BA5BF /* Products */;
			projectDirPath = "";
			projectRoot = "";
			targets = (
				34E317811518FC6B007BA5BF /* kifucapture */,
			);
		};
/* End PBXProject section */

/* Begin PBXResourcesBuildPhase section */
		34E3177D1518FC6B007BA5BF /* Resources */ = {
			isa = PBXResourcesBuildPhase;
			buildActionMask = 2147483647;
			files = (
				34E317A51518FC6B007BA5BF /* InfoPlist.strings in Resources */,
				34E317AF1518FC6B007BA5BF /* Localizable.strings in Resources */,
				34E317B31518FC6B007BA5BF /* Localizable.strings in Resources */,
				34E317B71518FC6B007BA5BF /* Localizable.strings in Resources */,
				34E317BB1518FC6B007BA5BF /* Localizable.strings in Resources */,
				34E317BE1518FC6B007BA5BF /* icon.png in Resources */,
				34E317C01518FC6B007BA5BF /* icon@2x.png in Resources */,
				34E317C21518FC6B007BA5BF /* icon-72.png in Resources */,
				34E317C51518FC6B007BA5BF /* Default.png in Resources */,
				34E317C71518FC6B007BA5BF /* Default@2x.png in Resources */,
				34E317C91518FC6B007BA5BF /* Capture.bundle in Resources */,
				34E317CB1518FC6B007BA5BF /* Cordova.plist in Resources */,
				34E317D41518FC6B007BA5BF /* MainViewController.xib in Resources */,
				34E317D81518FC6B007BA5BF /* verify.sh in Resources */,
				34E317DF1518FD18007BA5BF /* www in Resources */,
				934537AB1534089200AEB8DB /* COPYING in Resources */,
				934537AE1534089200AEB8DB /* Doxyfile in Resources */,
				934537AF1534089200AEB8DB /* example.jpg in Resources */,
				934537B61534089200AEB8DB /* annotated.html in Resources */,
				934537B71534089200AEB8DB /* bug.html in Resources */,
				934537B81534089200AEB8DB /* classconf_1_1Config-members.html in Resources */,
				934537B91534089200AEB8DB /* classconf_1_1Config.html in Resources */,
				934537BA1534089200AEB8DB /* conf_8hh-source.html in Resources */,
				934537BB1534089200AEB8DB /* doxygen.css in Resources */,
				934537BC1534089200AEB8DB /* doxygen.png in Resources */,
				934537BD1534089200AEB8DB /* files.html in Resources */,
				934537BE1534089200AEB8DB /* functions.html in Resources */,
				934537BF1534089200AEB8DB /* functions_func.html in Resources */,
				934537C01534089200AEB8DB /* functions_type.html in Resources */,
				934537C11534089200AEB8DB /* functions_vars.html in Resources */,
				934537C21534089200AEB8DB /* geom_8hh-source.html in Resources */,
				934537C31534089200AEB8DB /* gocam_8hh-source.html in Resources */,
				934537C41534089200AEB8DB /* hierarchy.html in Resources */,
				934537C51534089200AEB8DB /* im_8hh-source.html in Resources */,
				934537C61534089200AEB8DB /* index.html in Resources */,
				934537C71534089200AEB8DB /* namespaceconf.html in Resources */,
				934537C81534089200AEB8DB /* namespacegeom.html in Resources */,
				934537C91534089200AEB8DB /* namespacegocam.html in Resources */,
				934537CA1534089200AEB8DB /* namespaceim.html in Resources */,
				934537CB1534089200AEB8DB /* namespacemembers.html in Resources */,
				934537CC1534089200AEB8DB /* namespacemembers_func.html in Resources */,
				934537CD1534089200AEB8DB /* namespaces.html in Resources */,
				934537CE1534089200AEB8DB /* namespacestr.html in Resources */,
				934537CF1534089200AEB8DB /* namespaceutil.html in Resources */,
				934537D01534089200AEB8DB /* pages.html in Resources */,
				934537D11534089200AEB8DB /* str_8hh-source.html in Resources */,
				934537D21534089200AEB8DB /* structconf_1_1Option-members.html in Resources */,
				934537D31534089200AEB8DB /* structconf_1_1Option.html in Resources */,
				934537D41534089200AEB8DB /* structgeom_1_1Grid-members.html in Resources */,
				934537D51534089200AEB8DB /* structgeom_1_1Grid.html in Resources */,
				934537D61534089200AEB8DB /* structgeom_1_1Line-members.html in Resources */,
				934537D71534089200AEB8DB /* structgeom_1_1Line.html in Resources */,
				934537D81534089200AEB8DB /* structgeom_1_1LineRT-members.html in Resources */,
				934537D91534089200AEB8DB /* structgeom_1_1LineRT.html in Resources */,
				934537DA1534089200AEB8DB /* structgeom_1_1Point-members.html in Resources */,
				934537DB1534089200AEB8DB /* structgeom_1_1Point.html in Resources */,
				934537DC1534089200AEB8DB /* structgocam_1_1Analyser-members.html in Resources */,
				934537DD1534089200AEB8DB /* structgocam_1_1Analyser.html in Resources */,
				934537DE1534089200AEB8DB /* structim_1_1PixelSum-members.html in Resources */,
				934537DF1534089200AEB8DB /* structim_1_1PixelSum.html in Resources */,
				934537E01534089200AEB8DB /* tab_b.gif in Resources */,
				934537E11534089200AEB8DB /* tab_l.gif in Resources */,
				934537E21534089200AEB8DB /* tab_r.gif in Resources */,
				934537E31534089200AEB8DB /* tabs.css in Resources */,
				934537E41534089200AEB8DB /* util_8hh-source.html in Resources */,
				934537E51534089200AEB8DB /* INSTALL in Resources */,
				934537E71534089200AEB8DB /* NEWS in Resources */,
				934537E81534089200AEB8DB /* README in Resources */,
				934537EB1534089200AEB8DB /* test_board.jpg in Resources */,
				934539321534179000AEB8DB /* coder.xml in Resources */,
				934539331534179000AEB8DB /* colors.xml in Resources */,
				934539341534179000AEB8DB /* configure.xml in Resources */,
				934539351534179000AEB8DB /* delegates.xml in Resources */,
				934539361534179000AEB8DB /* english.xml in Resources */,
				934539371534179000AEB8DB /* francais.xml in Resources */,
				934539381534179000AEB8DB /* locale.xml in Resources */,
				934539391534179000AEB8DB /* log.xml in Resources */,
				9345393A1534179000AEB8DB /* magic.xml in Resources */,
				9345393B1534179000AEB8DB /* mime.xml in Resources */,
				9345393C1534179000AEB8DB /* policy.xml in Resources */,
				9345393D1534179000AEB8DB /* thresholds.xml in Resources */,
				9345393E1534179000AEB8DB /* type-dejavu.xml in Resources */,
				9345393F1534179000AEB8DB /* type-ghostscript.xml in Resources */,
				934539401534179000AEB8DB /* type-windows.xml in Resources */,
				934539411534179000AEB8DB /* type.xml in Resources */,
			);
			runOnlyForDeploymentPostprocessing = 0;
		};
/* End PBXResourcesBuildPhase section */

/* Begin PBXShellScriptBuildPhase section */
		34E317801518FC6B007BA5BF /* ShellScript */ = {
			isa = PBXShellScriptBuildPhase;
			buildActionMask = 2147483647;
			files = (
			);
			inputPaths = (
			);
			outputPaths = (
			);
			runOnlyForDeploymentPostprocessing = 0;
			shellPath = /bin/bash;
			shellScript = "\n\t\t\t\t\t\t\t\tchmod 755 $PROJECT_DIR/$PROJECT_NAME/verify.sh\n\t\t\t\t\t\t\t\t$PROJECT_DIR/$PROJECT_NAME/verify.sh\n\t\t\t\t\t";
		};
/* End PBXShellScriptBuildPhase section */

/* Begin PBXSourcesBuildPhase section */
		34E3177B1518FC6B007BA5BF /* Sources */ = {
			isa = PBXSourcesBuildPhase;
			buildActionMask = 2147483647;
			files = (
				34E317A71518FC6B007BA5BF /* main.m in Sources */,
				34E317CF1518FC6B007BA5BF /* AppDelegate.m in Sources */,
				34E317D21518FC6B007BA5BF /* MainViewController.m in Sources */,
				934537A91534089200AEB8DB /* conf.cc in Sources */,
				934537B11534089200AEB8DB /* gocam.cc in Sources */,
				934537B41534089200AEB8DB /* gocam_test.cc in Sources */,
				934537E91534089200AEB8DB /* str.cc in Sources */,
				93EB0674153BC5FC0040B5FC /* GocamClass.m in Sources */,
			);
			runOnlyForDeploymentPostprocessing = 0;
		};
		34E3177E1518FC6B007BA5BF /* Sources */ = {
			isa = PBXSourcesBuildPhase;
			buildActionMask = 2147483647;
			files = (
			);
			runOnlyForDeploymentPostprocessing = 0;
		};
/* End PBXSourcesBuildPhase section */

/* Begin PBXVariantGroup section */
		34E317A31518FC6B007BA5BF /* InfoPlist.strings */ = {
			isa = PBXVariantGroup;
			children = (
				34E317A41518FC6B007BA5BF /* en */,
			);
			name = InfoPlist.strings;
			sourceTree = "<group>";
		};
		34E317AD1518FC6B007BA5BF /* Localizable.strings */ = {
			isa = PBXVariantGroup;
			children = (
				34E317AE1518FC6B007BA5BF /* en */,
			);
			name = Localizable.strings;
			sourceTree = "<group>";
		};
		34E317B11518FC6B007BA5BF /* Localizable.strings */ = {
			isa = PBXVariantGroup;
			children = (
				34E317B21518FC6B007BA5BF /* es */,
			);
			name = Localizable.strings;
			sourceTree = "<group>";
		};
		34E317B51518FC6B007BA5BF /* Localizable.strings */ = {
			isa = PBXVariantGroup;
			children = (
				34E317B61518FC6B007BA5BF /* de */,
			);
			name = Localizable.strings;
			sourceTree = "<group>";
		};
		34E317B91518FC6B007BA5BF /* Localizable.strings */ = {
			isa = PBXVariantGroup;
			children = (
				34E317BA1518FC6B007BA5BF /* se */,
			);
			name = Localizable.strings;
			sourceTree = "<group>";
		};
/* End PBXVariantGroup section */

/* Begin XCBuildConfiguration section */
		34E317D91518FC6B007BA5BF /* Debug */ = {
			isa = XCBuildConfiguration;
			buildSettings = {
				ALWAYS_SEARCH_USER_PATHS = NO;
				ARCHS = (
					armv6,
					"$(ARCHS_STANDARD_32_BIT)",
				);
				"CODE_SIGN_IDENTITY[sdk=iphoneos*]" = "iPhone Developer";
				COPY_PHASE_STRIP = NO;
				GCC_C_LANGUAGE_STANDARD = gnu99;
				GCC_DYNAMIC_NO_PIC = NO;
				GCC_OPTIMIZATION_LEVEL = 0;
				GCC_PREPROCESSOR_DEFINITIONS = (
					"DEBUG=1",
					"$(inherited)",
				);
				GCC_SYMBOLS_PRIVATE_EXTERN = NO;
				GCC_THUMB_SUPPORT = NO;
				GCC_VERSION = com.apple.compilers.llvm.clang.1_0;
				GCC_WARN_ABOUT_RETURN_TYPE = YES;
				GCC_WARN_UNINITIALIZED_AUTOS = YES;
				GCC_WARN_UNUSED_VARIABLE = YES;
				IPHONEOS_DEPLOYMENT_TARGET = 5.1;
				SDKROOT = iphoneos;
			};
			name = Debug;
		};
		34E317DA1518FC6B007BA5BF /* Release */ = {
			isa = XCBuildConfiguration;
			buildSettings = {
				ALWAYS_SEARCH_USER_PATHS = NO;
				ARCHS = (
					armv6,
					"$(ARCHS_STANDARD_32_BIT)",
				);
				"CODE_SIGN_IDENTITY[sdk=iphoneos*]" = "iPhone Developer";
				COPY_PHASE_STRIP = YES;
				GCC_C_LANGUAGE_STANDARD = gnu99;
				GCC_THUMB_SUPPORT = NO;
				GCC_VERSION = com.apple.compilers.llvm.clang.1_0;
				GCC_WARN_ABOUT_RETURN_TYPE = YES;
				GCC_WARN_UNINITIALIZED_AUTOS = YES;
				GCC_WARN_UNUSED_VARIABLE = YES;
				IPHONEOS_DEPLOYMENT_TARGET = 5.1;
				SDKROOT = iphoneos;
				VALIDATE_PRODUCT = YES;
			};
			name = Release;
		};
		34E317DC1518FC6B007BA5BF /* Debug */ = {
			isa = XCBuildConfiguration;
			buildSettings = {
				ALWAYS_SEARCH_USER_PATHS = YES;
				COPY_PHASE_STRIP = NO;
				FRAMEWORK_SEARCH_PATHS = (
					/Users/Shared/Cordova/Frameworks,
					"\"$(SRCROOT)\"",
				);
				GCC_DYNAMIC_NO_PIC = NO;
				GCC_PRECOMPILE_PREFIX_HEADER = YES;
				GCC_PREFIX_HEADER = "kifucapture/kifucapture-Prefix.pch";
				GCC_PREPROCESSOR_DEFINITIONS = (
					"DEBUG=1,",
					"CORDOVA_FRAMEWORK=1",
				);
				GCC_THUMB_SUPPORT = NO;
				HEADER_SEARCH_PATHS = (
					"\"$(SRCROOT)/iOSMagick-6.7.5-3-libs\"",
					"\"$(SRCROOT)/gocam-0.3\"",
				);
				INFOPLIST_FILE = "kifucapture/kifucapture-Info.plist";
				IPHONEOS_DEPLOYMENT_TARGET = 4.3;
				LD_RUNPATH_SEARCH_PATHS = "-weak_framework UIKit -weak_framework AVFoundation -weak_framework CoreMedia -weak_library /usr/lib/libSystem.B.dylib -lMagickCore -lMagickWand -ljpeg -lpng -lbz2 -lz";
				LIBRARY_SEARCH_PATHS = (
					"$(inherited)",
					"\"$(SRCROOT)/iOSMagick-6.7.5-3-libs\"",
				);
				OTHER_LDFLAGS = (
					"-weak_framework",
					UIKit,
					"-weak_framework",
					AVFoundation,
					"-weak_framework",
					CoreMedia,
					"-weak_library",
					/usr/lib/libSystem.B.dylib,
					"-lMagickCore",
					"-lMagickWand",
					"-ljpeg",
					"-lpng",
					"-lbz2",
					"-lz",
				);
				PRODUCT_NAME = "$(TARGET_NAME)";
				SDKROOT = iphoneos;
				TARGETED_DEVICE_FAMILY = "1,2";
				USER_HEADER_SEARCH_PATHS = "$(inherited) \"$(SRCROOT)/iOSMagick-6.7.5-3-libs\"/**";
				WRAPPER_EXTENSION = app;
			};
			name = Debug;
		};
		34E317DD1518FC6B007BA5BF /* Release */ = {
			isa = XCBuildConfiguration;
			buildSettings = {
				ALWAYS_SEARCH_USER_PATHS = YES;
				COPY_PHASE_STRIP = YES;
				DEBUG_INFORMATION_FORMAT = "dwarf-with-dsym";
				FRAMEWORK_SEARCH_PATHS = (
					/Users/Shared/Cordova/Frameworks,
					"\"$(SRCROOT)\"",
				);
				GCC_PRECOMPILE_PREFIX_HEADER = YES;
				GCC_PREFIX_HEADER = "kifucapture/kifucapture-Prefix.pch";
				GCC_PREPROCESSOR_DEFINITIONS = (
					"NDEBUG=1,",
					"CORDOVA_FRAMEWORK=1",
				);
				GCC_THUMB_SUPPORT = NO;
				HEADER_SEARCH_PATHS = (
					"\"$(SRCROOT)/iOSMagick-6.7.5-3-libs\"",
					"\"$(SRCROOT)/gocam-0.3\"",
				);
				INFOPLIST_FILE = "kifucapture/kifucapture-Info.plist";
				IPHONEOS_DEPLOYMENT_TARGET = 4.3;
				LD_RUNPATH_SEARCH_PATHS = "-weak_framework UIKit -weak_framework AVFoundation -weak_framework CoreMedia -weak_library /usr/lib/libSystem.B.dylib -lMagickCore -lMagickWand -ljpeg -lpng -lbz2 -lz";
				LIBRARY_SEARCH_PATHS = (
					"$(inherited)",
					"\"$(SRCROOT)/iOSMagick-6.7.5-3-libs\"",
				);
				OTHER_LDFLAGS = (
					"-weak_framework",
					UIKit,
					"-weak_framework",
					AVFoundation,
					"-weak_framework",
					CoreMedia,
					"-weak_library",
					/usr/lib/libSystem.B.dylib,
					"-lMagickCore",
					"-lMagickWand",
					"-ljpeg",
					"-lpng",
					"-lbz2",
					"-lz",
				);
				PRODUCT_NAME = "$(TARGET_NAME)";
				SDKROOT = iphoneos;
				TARGETED_DEVICE_FAMILY = "1,2";
				USER_HEADER_SEARCH_PATHS = "$(inherited) \"$(SRCROOT)/iOSMagick-6.7.5-3-libs\"/**";
				VALIDATE_PRODUCT = YES;
				WRAPPER_EXTENSION = app;
			};
			name = Release;
		};
/* End XCBuildConfiguration section */

/* Begin XCConfigurationList section */
		34E317791518FC6B007BA5BF /* Build configuration list for PBXProject "kifucapture" */ = {
			isa = XCConfigurationList;
			buildConfigurations = (
				34E317D91518FC6B007BA5BF /* Debug */,
				34E317DA1518FC6B007BA5BF /* Release */,
			);
			defaultConfigurationIsVisible = 0;
			defaultConfigurationName = Release;
		};
		34E317DB1518FC6B007BA5BF /* Build configuration list for PBXNativeTarget "kifucapture" */ = {
			isa = XCConfigurationList;
			buildConfigurations = (
				34E317DC1518FC6B007BA5BF /* Debug */,
				34E317DD1518FC6B007BA5BF /* Release */,
			);
			defaultConfigurationIsVisible = 0;
			defaultConfigurationName = Release;
		};
/* End XCConfigurationList section */
	};
	rootObject = 34E317761518FC6B007BA5BF /* Project object */;
}
